
Microsoft Visual Studio Solution File, Format Version 12.00
# Visual Studio Version 16
VisualStudioVersion = 16.0.30907.101
MinimumVisualStudioVersion = 10.0.40219.1
Project("{2150E333-8FDC-42A3-9474-1A3956D46DE8}") = "Infrastructure.Communication", "Infrastructure.Communication", "{2FA72A9D-33B2-4392-8FE4-EE7FA6D9F147}"
EndProject
Project("{2150E333-8FDC-42A3-9474-1A3956D46DE8}") = "Services", "Services", "{B8BC82E7-C1AE-457E-9B15-0F750DD6C897}"
EndProject
Project("{2150E333-8FDC-42A3-9474-1A3956D46DE8}") = "Infrastructure.Security", "Infrastructure.Security", "{4B50141F-7DDA-4045-87E0-EFBF72CEFB63}"
EndProject
Project("{2150E333-8FDC-42A3-9474-1A3956D46DE8}") = "Infrastructure.Logging", "Infrastructure.Logging", "{423CC89D-F00D-45D2-BE00-931786875AA6}"
EndProject
Project("{9A19103F-16F7-4668-BE54-9A1E7A4F7556}") = "MicroserviceProject.Infrastructure.Logging", "MicroserviceProject.Infrastructure.Logging\MicroserviceProject.Infrastructure.Logging.csproj", "{FE4127D7-8C88-4A35-BF31-12145BC0CB99}"
EndProject
Project("{9A19103F-16F7-4668-BE54-9A1E7A4F7556}") = "MicroserviceProject.Infrastructure.Logging.File", "MicroserviceProject.Infrastructure.Logging.File\MicroserviceProject.Infrastructure.Logging.File.csproj", "{6FF6E9F6-0B0B-43A8-8767-4A6DF86A7E83}"
EndProject
Project("{9A19103F-16F7-4668-BE54-9A1E7A4F7556}") = "MicroserviceProject.Infrastructure.Security.BasicTokenAuthentication", "MicroserviceProject.Infrastructure.Security.BasicTokenAuthentication\MicroserviceProject.Infrastructure.Security.BasicTokenAuthentication.csproj", "{B8817C26-8465-4910-A4F6-4B6277EC5DEC}"
EndProject
Project("{2150E333-8FDC-42A3-9474-1A3956D46DE8}") = "Infrastructure.Cryptography", "Infrastructure.Cryptography", "{6A1F6E82-33F9-4571-94FE-C332DBED3DF8}"
EndProject
Project("{9A19103F-16F7-4668-BE54-9A1E7A4F7556}") = "MicroserviceProject.Infrastructure.Cryptography.RSA", "MicroserviceProject.Infrastructure.Cryptography.RSA\MicroserviceProject.Infrastructure.Cryptography.RSA.csproj", "{CC6C6796-50DB-46F3-A6BC-03669650FFBF}"
EndProject
Project("{9A19103F-16F7-4668-BE54-9A1E7A4F7556}") = "MicroserviceProject.Infrastructure.Cryptography.SHA256", "MicroserviceProject.Infrastructure.Cryptography.SHA256\MicroserviceProject.Infrastructure.Cryptography.SHA256.csproj", "{422B8170-F96C-4DDC-9B8E-60C237E802FF}"
EndProject
Project("{9A19103F-16F7-4668-BE54-9A1E7A4F7556}") = "MicroserviceProject.Infrastructure.Cryptography.Rijndael", "MicroserviceProject.Infrastructure.Cryptography.Rijndael\MicroserviceProject.Infrastructure.Cryptography.Rijndael.csproj", "{4FDD1FE0-A36F-4F98-B4BF-C7EC87DED880}"
EndProject
Project("{9A19103F-16F7-4668-BE54-9A1E7A4F7556}") = "MicroserviceProject.Infrastructure.Communication.Http", "MicroserviceProject.Infrastructure.Communication.Http\MicroserviceProject.Infrastructure.Communication.Http.csproj", "{F15A9AAD-5CAE-4C20-ACF5-8CA76CF09082}"
EndProject
Project("{2150E333-8FDC-42A3-9474-1A3956D46DE8}") = "Services.Infrastructure", "Services.Infrastructure", "{2669D375-E38F-4991-B50C-CAEFD1C57054}"
EndProject
Project("{9A19103F-16F7-4668-BE54-9A1E7A4F7556}") = "MicroserviceProject.Services.Infrastructure.Logging", "MicroserviceProject.Services.Infrastructure.Logging\MicroserviceProject.Services.Infrastructure.Logging.csproj", "{BA84773B-7932-4987-AE08-C0D33EC3339E}"
EndProject
Project("{2150E333-8FDC-42A3-9474-1A3956D46DE8}") = "Solution Items", "Solution Items", "{6A2B1C53-E465-4086-AF80-02C578787F91}"
	ProjectSection(SolutionItems) = preProject
		C:\Users\serka\OneDrive\Desktop\dbscript.sql = C:\Users\serka\OneDrive\Desktop\dbscript.sql
		Graph.dgml = Graph.dgml
	EndProjectSection
EndProject
Project("{2150E333-8FDC-42A3-9474-1A3956D46DE8}") = "Infrastructure.Persistence", "Infrastructure.Persistence", "{A46D95B0-ECBB-47A0-BD3D-88E934F7E002}"
EndProject
Project("{9A19103F-16F7-4668-BE54-9A1E7A4F7556}") = "MicroserviceProject.Infrastructure.Logging.RabbitMq", "MicroserviceProject.Infrastructure.Logging.RabbitMq\MicroserviceProject.Infrastructure.Logging.RabbitMq.csproj", "{8DE777E5-A0AA-4F59-A405-5F7A185A395B}"
EndProject
Project("{9A19103F-16F7-4668-BE54-9A1E7A4F7556}") = "MicroserviceProject.Infrastructure.Communication.Moderator", "MicroserviceProject.Infrastructure.Communication.Moderator\MicroserviceProject.Infrastructure.Communication.Moderator.csproj", "{090C7F4E-470F-4E6C-A1E8-D7D4170EB602}"
EndProject
Project("{9A19103F-16F7-4668-BE54-9A1E7A4F7556}") = "MicroserviceProject.Infrastructure.Communication.Model", "MicroserviceProject.Infrastructure.Communication.Model\MicroserviceProject.Infrastructure.Communication.Model.csproj", "{A97E0504-9A2C-4096-A88B-6C4E62948F5E}"
EndProject
Project("{9A19103F-16F7-4668-BE54-9A1E7A4F7556}") = "MicroserviceProject.Infrastructure.Communication.Model.Moderator", "MicroserviceProject.Infrastructure.Communication.Model.Moderator\MicroserviceProject.Infrastructure.Communication.Model.Moderator.csproj", "{724854B7-879E-4BB8-8E18-D6D8111A4C08}"
EndProject
Project("{9A19103F-16F7-4668-BE54-9A1E7A4F7556}") = "MicroserviceProject.Infrastructure.Security.Model", "MicroserviceProject.Infrastructure.Security.Model\MicroserviceProject.Infrastructure.Security.Model.csproj", "{E16709AF-25BF-474B-8C64-55ECA0DB0F8B}"
EndProject
Project("{9A19103F-16F7-4668-BE54-9A1E7A4F7556}") = "MicroserviceProject.Infrastructure.Cryptography.Model.Rijndael", "MicroserviceProject.Infrastructure.Cryptography.Model.Rijndael\MicroserviceProject.Infrastructure.Cryptography.Model.Rijndael.csproj", "{D637F0D3-B619-4AFD-817F-DBF4DC85F9FC}"
EndProject
Project("{9A19103F-16F7-4668-BE54-9A1E7A4F7556}") = "MicroserviceProject.Infrastructure.Communication.Model.Http", "MicroserviceProject.Infrastructure.Communication.Model.Http\MicroserviceProject.Infrastructure.Communication.Model.Http.csproj", "{96004AFA-4B52-48A0-9ABE-8FDE77C522C9}"
EndProject
Project("{9A19103F-16F7-4668-BE54-9A1E7A4F7556}") = "MicroserviceProject.Infrastructure.Persistence.ServiceRoutes.Sql", "MicroserviceProject.Infrastructure.Persistence.ServiceRoutes.Sql\MicroserviceProject.Infrastructure.Persistence.ServiceRoutes.Sql.csproj", "{D6A7E796-2E24-4917-997E-E3B77415B7B0}"
EndProject
Project("{9A19103F-16F7-4668-BE54-9A1E7A4F7556}") = "MicroserviceProject.Services.Business.Departments.HR", "MicroserviceProject.Services.Business.Departments.HR\MicroserviceProject.Services.Business.Departments.HR.csproj", "{C1FDEAB3-B2A2-4D90-A0FF-B4B25C2C6728}"
EndProject
Project("{2150E333-8FDC-42A3-9474-1A3956D46DE8}") = "Presentation", "Presentation", "{E02EC0E8-179F-4E07-A44C-F43CBE4B8D33}"
EndProject
Project("{2150E333-8FDC-42A3-9474-1A3956D46DE8}") = "Infrastructure.Caching", "Infrastructure.Caching", "{4674D40A-BF17-40A6-AA4F-C0CCB6139806}"
EndProject
Project("{9A19103F-16F7-4668-BE54-9A1E7A4F7556}") = "MicroserviceProject.Infrastructure.Caching.Redis", "MicroserviceProject.Infrastructure.Caching.Redis\MicroserviceProject.Infrastructure.Caching.Redis.csproj", "{D0369510-C292-4C8A-8446-B54D63601B74}"
EndProject
Project("{2150E333-8FDC-42A3-9474-1A3956D46DE8}") = "Services.Business.Departments", "Services.Business.Departments", "{B0F2E640-1B33-4428-B49F-183375231B02}"
EndProject
Project("{9A19103F-16F7-4668-BE54-9A1E7A4F7556}") = "MicroserviceProject.Services.Business.Departments.Accounting", "MicroserviceProject.Services.Business.Departments.Accounting\MicroserviceProject.Services.Business.Departments.Accounting.csproj", "{27E61F0F-5227-40EA-BEA5-465FEB81C398}"
EndProject
Project("{FAE04EC0-301F-11D3-BF4B-00C04F79EFBC}") = "MicroserviceProject.Presentation.UI.WindowsForm", "MicroserviceProject.Presentation.UI.WindowsForm\MicroserviceProject.Presentation.UI.WindowsForm.csproj", "{A70CA59E-7652-404A-B60F-253E4EF8D5B3}"
EndProject
Project("{9A19103F-16F7-4668-BE54-9A1E7A4F7556}") = "MicroserviceProject.Services.Business.Departments.IT", "MicroserviceProject.Services.Business.Departments.BT\MicroserviceProject.Services.Business.Departments.IT.csproj", "{EBCA1D84-8375-4AF7-B596-9074784CFB3E}"
EndProject
Project("{9A19103F-16F7-4668-BE54-9A1E7A4F7556}") = "MicroserviceProject.Services.Business.Departments.AA", "MicroserviceProject.Services.Business.Departments.AA\MicroserviceProject.Services.Business.Departments.AA.csproj", "{9D4A53D3-707F-4009-AFEE-0564AC5C8034}"
EndProject
Project("{9A19103F-16F7-4668-BE54-9A1E7A4F7556}") = "MicroserviceProject.Infrastructure.Communication.Mq.Rabbit", "MicroserviceProject.Infrastructure.Communication.Mq.Rabbit\MicroserviceProject.Infrastructure.Communication.Mq.Rabbit.csproj", "{C8F79AC6-A105-4D4E-BB17-01EB5A95D1B0}"
EndProject
Project("{2150E333-8FDC-42A3-9474-1A3956D46DE8}") = "Services.MQ", "Services.MQ", "{EE45587A-115E-45A0-B5DD-96769BDF8AF5}"
EndProject
Project("{9A19103F-16F7-4668-BE54-9A1E7A4F7556}") = "MicroserviceProject.Services.MQ.AA", "MicroserviceProject.Services.MQ.AA\MicroserviceProject.Services.MQ.AA.csproj", "{4D1E460D-0616-472C-9C93-00CA16E543F5}"
EndProject
Project("{9A19103F-16F7-4668-BE54-9A1E7A4F7556}") = "MicroserviceProject.Services.MQ.IT", "MicroserviceProject.Services.MQ.IT\MicroserviceProject.Services.MQ.IT.csproj", "{36F13103-1448-4FCD-81DA-33F900EBC3CF}"
EndProject
Project("{9A19103F-16F7-4668-BE54-9A1E7A4F7556}") = "MicroserviceProject.Services.MQ.Accounting", "MicroserviceProject.Services.MQ.Accounting\MicroserviceProject.Services.MQ.Accounting.csproj", "{0283AA16-4558-4D94-BF56-EB013CD00EDD}"
EndProject
Project("{9A19103F-16F7-4668-BE54-9A1E7A4F7556}") = "MicroserviceProject.Services.Logging", "MicroserviceProject.Services.Logging\MicroserviceProject.Services.Logging.csproj", "{1FAAB051-AF14-454F-8C8D-4E0400702CDB}"
EndProject
Project("{9A19103F-16F7-4668-BE54-9A1E7A4F7556}") = "MicroserviceProject.Services.Communication", "MicroserviceProject.Services.Communication\MicroserviceProject.Services.Communication.csproj", "{2E32EADC-647B-45B1-91C2-47033DEB79BB}"
EndProject
Project("{9A19103F-16F7-4668-BE54-9A1E7A4F7556}") = "MicroserviceProject.Services.UnitOfWork", "MicroserviceProject.Services.UnitOfWork\MicroserviceProject.Services.UnitOfWork.csproj", "{56F2E56F-B35A-419D-AEAC-66E301598438}"
EndProject
Project("{9A19103F-16F7-4668-BE54-9A1E7A4F7556}") = "MicroserviceProject.Services.Cache", "MicroserviceProject.Services.Cache\MicroserviceProject.Services.Cache.csproj", "{65C99AA5-416D-4C65-97B9-1B00BBD565C9}"
EndProject
Project("{9A19103F-16F7-4668-BE54-9A1E7A4F7556}") = "MicroserviceProject.Services.Authentication", "MicroserviceProject.Services.Authentication\MicroserviceProject.Services.Authentication.csproj", "{2F5CD06F-4A5C-4B7F-AC00-6690A1CD76CE}"
EndProject
Project("{9A19103F-16F7-4668-BE54-9A1E7A4F7556}") = "MicroserviceProject.Services.Util", "MicroserviceProject.Services.Util\MicroserviceProject.Services.Util.csproj", "{5089FF92-6191-4129-A70E-9432A2C89BC6}"
EndProject
Project("{9A19103F-16F7-4668-BE54-9A1E7A4F7556}") = "MicroserviceProject.Services.Model", "MicroserviceProject.Services.Model\MicroserviceProject.Services.Model.csproj", "{964C3B50-E34B-4C5D-A715-A2806A9F24F1}"
EndProject
Project("{9A19103F-16F7-4668-BE54-9A1E7A4F7556}") = "MicroserviceProject.Services.Infrastructure.Authorization", "MicroserviceProject.Services.Infrastructure.Authorization\MicroserviceProject.Services.Infrastructure.Authorization.csproj", "{6C91249C-C8C2-4392-8816-66704FAEA88E}"
EndProject
Project("{FAE04EC0-301F-11D3-BF4B-00C04F79EFBC}") = "MicroserviceProject.Infrastructure.Logging.MongoDb", "MicroserviceProject.Infrastructure.Logging.MongoDb\MicroserviceProject.Infrastructure.Logging.MongoDb.csproj", "{178CEBE9-D9FE-4704-866A-0BBE72714782}"
EndProject
Global
	GlobalSection(SolutionConfigurationPlatforms) = preSolution
		Debug|Any CPU = Debug|Any CPU
		Release|Any CPU = Release|Any CPU
	EndGlobalSection
	GlobalSection(ProjectConfigurationPlatforms) = postSolution
		{FE4127D7-8C88-4A35-BF31-12145BC0CB99}.Debug|Any CPU.ActiveCfg = Debug|Any CPU
		{FE4127D7-8C88-4A35-BF31-12145BC0CB99}.Debug|Any CPU.Build.0 = Debug|Any CPU
		{FE4127D7-8C88-4A35-BF31-12145BC0CB99}.Release|Any CPU.ActiveCfg = Release|Any CPU
		{FE4127D7-8C88-4A35-BF31-12145BC0CB99}.Release|Any CPU.Build.0 = Release|Any CPU
		{6FF6E9F6-0B0B-43A8-8767-4A6DF86A7E83}.Debug|Any CPU.ActiveCfg = Debug|Any CPU
		{6FF6E9F6-0B0B-43A8-8767-4A6DF86A7E83}.Debug|Any CPU.Build.0 = Debug|Any CPU
		{6FF6E9F6-0B0B-43A8-8767-4A6DF86A7E83}.Release|Any CPU.ActiveCfg = Release|Any CPU
		{6FF6E9F6-0B0B-43A8-8767-4A6DF86A7E83}.Release|Any CPU.Build.0 = Release|Any CPU
		{B8817C26-8465-4910-A4F6-4B6277EC5DEC}.Debug|Any CPU.ActiveCfg = Debug|Any CPU
		{B8817C26-8465-4910-A4F6-4B6277EC5DEC}.Debug|Any CPU.Build.0 = Debug|Any CPU
		{B8817C26-8465-4910-A4F6-4B6277EC5DEC}.Release|Any CPU.ActiveCfg = Release|Any CPU
		{B8817C26-8465-4910-A4F6-4B6277EC5DEC}.Release|Any CPU.Build.0 = Release|Any CPU
		{CC6C6796-50DB-46F3-A6BC-03669650FFBF}.Debug|Any CPU.ActiveCfg = Debug|Any CPU
		{CC6C6796-50DB-46F3-A6BC-03669650FFBF}.Debug|Any CPU.Build.0 = Debug|Any CPU
		{CC6C6796-50DB-46F3-A6BC-03669650FFBF}.Release|Any CPU.ActiveCfg = Release|Any CPU
		{CC6C6796-50DB-46F3-A6BC-03669650FFBF}.Release|Any CPU.Build.0 = Release|Any CPU
		{422B8170-F96C-4DDC-9B8E-60C237E802FF}.Debug|Any CPU.ActiveCfg = Debug|Any CPU
		{422B8170-F96C-4DDC-9B8E-60C237E802FF}.Debug|Any CPU.Build.0 = Debug|Any CPU
		{422B8170-F96C-4DDC-9B8E-60C237E802FF}.Release|Any CPU.ActiveCfg = Release|Any CPU
		{422B8170-F96C-4DDC-9B8E-60C237E802FF}.Release|Any CPU.Build.0 = Release|Any CPU
		{4FDD1FE0-A36F-4F98-B4BF-C7EC87DED880}.Debug|Any CPU.ActiveCfg = Debug|Any CPU
		{4FDD1FE0-A36F-4F98-B4BF-C7EC87DED880}.Debug|Any CPU.Build.0 = Debug|Any CPU
		{4FDD1FE0-A36F-4F98-B4BF-C7EC87DED880}.Release|Any CPU.ActiveCfg = Release|Any CPU
		{4FDD1FE0-A36F-4F98-B4BF-C7EC87DED880}.Release|Any CPU.Build.0 = Release|Any CPU
		{F15A9AAD-5CAE-4C20-ACF5-8CA76CF09082}.Debug|Any CPU.ActiveCfg = Debug|Any CPU
		{F15A9AAD-5CAE-4C20-ACF5-8CA76CF09082}.Debug|Any CPU.Build.0 = Debug|Any CPU
		{F15A9AAD-5CAE-4C20-ACF5-8CA76CF09082}.Release|Any CPU.ActiveCfg = Release|Any CPU
		{F15A9AAD-5CAE-4C20-ACF5-8CA76CF09082}.Release|Any CPU.Build.0 = Release|Any CPU
		{BA84773B-7932-4987-AE08-C0D33EC3339E}.Debug|Any CPU.ActiveCfg = Debug|Any CPU
		{BA84773B-7932-4987-AE08-C0D33EC3339E}.Debug|Any CPU.Build.0 = Debug|Any CPU
		{BA84773B-7932-4987-AE08-C0D33EC3339E}.Release|Any CPU.ActiveCfg = Release|Any CPU
		{BA84773B-7932-4987-AE08-C0D33EC3339E}.Release|Any CPU.Build.0 = Release|Any CPU
		{8DE777E5-A0AA-4F59-A405-5F7A185A395B}.Debug|Any CPU.ActiveCfg = Debug|Any CPU
		{8DE777E5-A0AA-4F59-A405-5F7A185A395B}.Debug|Any CPU.Build.0 = Debug|Any CPU
		{8DE777E5-A0AA-4F59-A405-5F7A185A395B}.Release|Any CPU.ActiveCfg = Release|Any CPU
		{8DE777E5-A0AA-4F59-A405-5F7A185A395B}.Release|Any CPU.Build.0 = Release|Any CPU
		{090C7F4E-470F-4E6C-A1E8-D7D4170EB602}.Debug|Any CPU.ActiveCfg = Debug|Any CPU
		{090C7F4E-470F-4E6C-A1E8-D7D4170EB602}.Debug|Any CPU.Build.0 = Debug|Any CPU
		{090C7F4E-470F-4E6C-A1E8-D7D4170EB602}.Release|Any CPU.ActiveCfg = Release|Any CPU
		{090C7F4E-470F-4E6C-A1E8-D7D4170EB602}.Release|Any CPU.Build.0 = Release|Any CPU
		{A97E0504-9A2C-4096-A88B-6C4E62948F5E}.Debug|Any CPU.ActiveCfg = Debug|Any CPU
		{A97E0504-9A2C-4096-A88B-6C4E62948F5E}.Debug|Any CPU.Build.0 = Debug|Any CPU
		{A97E0504-9A2C-4096-A88B-6C4E62948F5E}.Release|Any CPU.ActiveCfg = Release|Any CPU
		{A97E0504-9A2C-4096-A88B-6C4E62948F5E}.Release|Any CPU.Build.0 = Release|Any CPU
		{724854B7-879E-4BB8-8E18-D6D8111A4C08}.Debug|Any CPU.ActiveCfg = Debug|Any CPU
		{724854B7-879E-4BB8-8E18-D6D8111A4C08}.Debug|Any CPU.Build.0 = Debug|Any CPU
		{724854B7-879E-4BB8-8E18-D6D8111A4C08}.Release|Any CPU.ActiveCfg = Release|Any CPU
		{724854B7-879E-4BB8-8E18-D6D8111A4C08}.Release|Any CPU.Build.0 = Release|Any CPU
		{E16709AF-25BF-474B-8C64-55ECA0DB0F8B}.Debug|Any CPU.ActiveCfg = Debug|Any CPU
		{E16709AF-25BF-474B-8C64-55ECA0DB0F8B}.Debug|Any CPU.Build.0 = Debug|Any CPU
		{E16709AF-25BF-474B-8C64-55ECA0DB0F8B}.Release|Any CPU.ActiveCfg = Release|Any CPU
		{E16709AF-25BF-474B-8C64-55ECA0DB0F8B}.Release|Any CPU.Build.0 = Release|Any CPU
		{D637F0D3-B619-4AFD-817F-DBF4DC85F9FC}.Debug|Any CPU.ActiveCfg = Debug|Any CPU
		{D637F0D3-B619-4AFD-817F-DBF4DC85F9FC}.Debug|Any CPU.Build.0 = Debug|Any CPU
		{D637F0D3-B619-4AFD-817F-DBF4DC85F9FC}.Release|Any CPU.ActiveCfg = Release|Any CPU
		{D637F0D3-B619-4AFD-817F-DBF4DC85F9FC}.Release|Any CPU.Build.0 = Release|Any CPU
		{96004AFA-4B52-48A0-9ABE-8FDE77C522C9}.Debug|Any CPU.ActiveCfg = Debug|Any CPU
		{96004AFA-4B52-48A0-9ABE-8FDE77C522C9}.Debug|Any CPU.Build.0 = Debug|Any CPU
		{96004AFA-4B52-48A0-9ABE-8FDE77C522C9}.Release|Any CPU.ActiveCfg = Release|Any CPU
		{96004AFA-4B52-48A0-9ABE-8FDE77C522C9}.Release|Any CPU.Build.0 = Release|Any CPU
		{D6A7E796-2E24-4917-997E-E3B77415B7B0}.Debug|Any CPU.ActiveCfg = Debug|Any CPU
		{D6A7E796-2E24-4917-997E-E3B77415B7B0}.Debug|Any CPU.Build.0 = Debug|Any CPU
		{D6A7E796-2E24-4917-997E-E3B77415B7B0}.Release|Any CPU.ActiveCfg = Release|Any CPU
		{D6A7E796-2E24-4917-997E-E3B77415B7B0}.Release|Any CPU.Build.0 = Release|Any CPU
		{C1FDEAB3-B2A2-4D90-A0FF-B4B25C2C6728}.Debug|Any CPU.ActiveCfg = Debug|Any CPU
		{C1FDEAB3-B2A2-4D90-A0FF-B4B25C2C6728}.Debug|Any CPU.Build.0 = Debug|Any CPU
		{C1FDEAB3-B2A2-4D90-A0FF-B4B25C2C6728}.Release|Any CPU.ActiveCfg = Release|Any CPU
		{C1FDEAB3-B2A2-4D90-A0FF-B4B25C2C6728}.Release|Any CPU.Build.0 = Release|Any CPU
		{D0369510-C292-4C8A-8446-B54D63601B74}.Debug|Any CPU.ActiveCfg = Debug|Any CPU
		{D0369510-C292-4C8A-8446-B54D63601B74}.Debug|Any CPU.Build.0 = Debug|Any CPU
		{D0369510-C292-4C8A-8446-B54D63601B74}.Release|Any CPU.ActiveCfg = Release|Any CPU
		{D0369510-C292-4C8A-8446-B54D63601B74}.Release|Any CPU.Build.0 = Release|Any CPU
		{27E61F0F-5227-40EA-BEA5-465FEB81C398}.Debug|Any CPU.ActiveCfg = Debug|Any CPU
		{27E61F0F-5227-40EA-BEA5-465FEB81C398}.Debug|Any CPU.Build.0 = Debug|Any CPU
		{27E61F0F-5227-40EA-BEA5-465FEB81C398}.Release|Any CPU.ActiveCfg = Release|Any CPU
		{27E61F0F-5227-40EA-BEA5-465FEB81C398}.Release|Any CPU.Build.0 = Release|Any CPU
		{A70CA59E-7652-404A-B60F-253E4EF8D5B3}.Debug|Any CPU.ActiveCfg = Debug|Any CPU
		{A70CA59E-7652-404A-B60F-253E4EF8D5B3}.Debug|Any CPU.Build.0 = Debug|Any CPU
		{A70CA59E-7652-404A-B60F-253E4EF8D5B3}.Release|Any CPU.ActiveCfg = Release|Any CPU
		{A70CA59E-7652-404A-B60F-253E4EF8D5B3}.Release|Any CPU.Build.0 = Release|Any CPU
		{EBCA1D84-8375-4AF7-B596-9074784CFB3E}.Debug|Any CPU.ActiveCfg = Debug|Any CPU
		{EBCA1D84-8375-4AF7-B596-9074784CFB3E}.Debug|Any CPU.Build.0 = Debug|Any CPU
		{EBCA1D84-8375-4AF7-B596-9074784CFB3E}.Release|Any CPU.ActiveCfg = Release|Any CPU
		{EBCA1D84-8375-4AF7-B596-9074784CFB3E}.Release|Any CPU.Build.0 = Release|Any CPU
		{9D4A53D3-707F-4009-AFEE-0564AC5C8034}.Debug|Any CPU.ActiveCfg = Debug|Any CPU
		{9D4A53D3-707F-4009-AFEE-0564AC5C8034}.Debug|Any CPU.Build.0 = Debug|Any CPU
		{9D4A53D3-707F-4009-AFEE-0564AC5C8034}.Release|Any CPU.ActiveCfg = Release|Any CPU
		{9D4A53D3-707F-4009-AFEE-0564AC5C8034}.Release|Any CPU.Build.0 = Release|Any CPU
		{C8F79AC6-A105-4D4E-BB17-01EB5A95D1B0}.Debug|Any CPU.ActiveCfg = Debug|Any CPU
		{C8F79AC6-A105-4D4E-BB17-01EB5A95D1B0}.Debug|Any CPU.Build.0 = Debug|Any CPU
		{C8F79AC6-A105-4D4E-BB17-01EB5A95D1B0}.Release|Any CPU.ActiveCfg = Release|Any CPU
		{C8F79AC6-A105-4D4E-BB17-01EB5A95D1B0}.Release|Any CPU.Build.0 = Release|Any CPU
		{4D1E460D-0616-472C-9C93-00CA16E543F5}.Debug|Any CPU.ActiveCfg = Debug|Any CPU
		{4D1E460D-0616-472C-9C93-00CA16E543F5}.Debug|Any CPU.Build.0 = Debug|Any CPU
		{4D1E460D-0616-472C-9C93-00CA16E543F5}.Release|Any CPU.ActiveCfg = Release|Any CPU
		{4D1E460D-0616-472C-9C93-00CA16E543F5}.Release|Any CPU.Build.0 = Release|Any CPU
		{36F13103-1448-4FCD-81DA-33F900EBC3CF}.Debug|Any CPU.ActiveCfg = Debug|Any CPU
		{36F13103-1448-4FCD-81DA-33F900EBC3CF}.Debug|Any CPU.Build.0 = Debug|Any CPU
		{36F13103-1448-4FCD-81DA-33F900EBC3CF}.Release|Any CPU.ActiveCfg = Release|Any CPU
		{36F13103-1448-4FCD-81DA-33F900EBC3CF}.Release|Any CPU.Build.0 = Release|Any CPU
		{0283AA16-4558-4D94-BF56-EB013CD00EDD}.Debug|Any CPU.ActiveCfg = Debug|Any CPU
		{0283AA16-4558-4D94-BF56-EB013CD00EDD}.Debug|Any CPU.Build.0 = Debug|Any CPU
		{0283AA16-4558-4D94-BF56-EB013CD00EDD}.Release|Any CPU.ActiveCfg = Release|Any CPU
		{0283AA16-4558-4D94-BF56-EB013CD00EDD}.Release|Any CPU.Build.0 = Release|Any CPU
		{1FAAB051-AF14-454F-8C8D-4E0400702CDB}.Debug|Any CPU.ActiveCfg = Debug|Any CPU
		{1FAAB051-AF14-454F-8C8D-4E0400702CDB}.Debug|Any CPU.Build.0 = Debug|Any CPU
		{1FAAB051-AF14-454F-8C8D-4E0400702CDB}.Release|Any CPU.ActiveCfg = Release|Any CPU
		{1FAAB051-AF14-454F-8C8D-4E0400702CDB}.Release|Any CPU.Build.0 = Release|Any CPU
		{2E32EADC-647B-45B1-91C2-47033DEB79BB}.Debug|Any CPU.ActiveCfg = Debug|Any CPU
		{2E32EADC-647B-45B1-91C2-47033DEB79BB}.Debug|Any CPU.Build.0 = Debug|Any CPU
		{2E32EADC-647B-45B1-91C2-47033DEB79BB}.Release|Any CPU.ActiveCfg = Release|Any CPU
		{2E32EADC-647B-45B1-91C2-47033DEB79BB}.Release|Any CPU.Build.0 = Release|Any CPU
		{56F2E56F-B35A-419D-AEAC-66E301598438}.Debug|Any CPU.ActiveCfg = Debug|Any CPU
		{56F2E56F-B35A-419D-AEAC-66E301598438}.Debug|Any CPU.Build.0 = Debug|Any CPU
		{56F2E56F-B35A-419D-AEAC-66E301598438}.Release|Any CPU.ActiveCfg = Release|Any CPU
		{56F2E56F-B35A-419D-AEAC-66E301598438}.Release|Any CPU.Build.0 = Release|Any CPU
		{65C99AA5-416D-4C65-97B9-1B00BBD565C9}.Debug|Any CPU.ActiveCfg = Debug|Any CPU
		{65C99AA5-416D-4C65-97B9-1B00BBD565C9}.Debug|Any CPU.Build.0 = Debug|Any CPU
		{65C99AA5-416D-4C65-97B9-1B00BBD565C9}.Release|Any CPU.ActiveCfg = Release|Any CPU
		{65C99AA5-416D-4C65-97B9-1B00BBD565C9}.Release|Any CPU.Build.0 = Release|Any CPU
		{2F5CD06F-4A5C-4B7F-AC00-6690A1CD76CE}.Debug|Any CPU.ActiveCfg = Debug|Any CPU
		{2F5CD06F-4A5C-4B7F-AC00-6690A1CD76CE}.Debug|Any CPU.Build.0 = Debug|Any CPU
		{2F5CD06F-4A5C-4B7F-AC00-6690A1CD76CE}.Release|Any CPU.ActiveCfg = Release|Any CPU
		{2F5CD06F-4A5C-4B7F-AC00-6690A1CD76CE}.Release|Any CPU.Build.0 = Release|Any CPU
		{5089FF92-6191-4129-A70E-9432A2C89BC6}.Debug|Any CPU.ActiveCfg = Debug|Any CPU
		{5089FF92-6191-4129-A70E-9432A2C89BC6}.Debug|Any CPU.Build.0 = Debug|Any CPU
		{5089FF92-6191-4129-A70E-9432A2C89BC6}.Release|Any CPU.ActiveCfg = Release|Any CPU
		{5089FF92-6191-4129-A70E-9432A2C89BC6}.Release|Any CPU.Build.0 = Release|Any CPU
		{964C3B50-E34B-4C5D-A715-A2806A9F24F1}.Debug|Any CPU.ActiveCfg = Debug|Any CPU
		{964C3B50-E34B-4C5D-A715-A2806A9F24F1}.Debug|Any CPU.Build.0 = Debug|Any CPU
		{964C3B50-E34B-4C5D-A715-A2806A9F24F1}.Release|Any CPU.ActiveCfg = Release|Any CPU
		{964C3B50-E34B-4C5D-A715-A2806A9F24F1}.Release|Any CPU.Build.0 = Release|Any CPU
		{6C91249C-C8C2-4392-8816-66704FAEA88E}.Debug|Any CPU.ActiveCfg = Debug|Any CPU
		{6C91249C-C8C2-4392-8816-66704FAEA88E}.Debug|Any CPU.Build.0 = Debug|Any CPU
		{6C91249C-C8C2-4392-8816-66704FAEA88E}.Release|Any CPU.ActiveCfg = Release|Any CPU
		{6C91249C-C8C2-4392-8816-66704FAEA88E}.Release|Any CPU.Build.0 = Release|Any CPU
		{178CEBE9-D9FE-4704-866A-0BBE72714782}.Debug|Any CPU.ActiveCfg = Debug|Any CPU
		{178CEBE9-D9FE-4704-866A-0BBE72714782}.Debug|Any CPU.Build.0 = Debug|Any CPU
		{178CEBE9-D9FE-4704-866A-0BBE72714782}.Release|Any CPU.ActiveCfg = Release|Any CPU
		{178CEBE9-D9FE-4704-866A-0BBE72714782}.Release|Any CPU.Build.0 = Release|Any CPU
	EndGlobalSection
	GlobalSection(SolutionProperties) = preSolution
		HideSolutionNode = FALSE
	EndGlobalSection
	GlobalSection(NestedProjects) = preSolution
		{FE4127D7-8C88-4A35-BF31-12145BC0CB99} = {423CC89D-F00D-45D2-BE00-931786875AA6}
		{6FF6E9F6-0B0B-43A8-8767-4A6DF86A7E83} = {423CC89D-F00D-45D2-BE00-931786875AA6}
		{B8817C26-8465-4910-A4F6-4B6277EC5DEC} = {4B50141F-7DDA-4045-87E0-EFBF72CEFB63}
		{CC6C6796-50DB-46F3-A6BC-03669650FFBF} = {6A1F6E82-33F9-4571-94FE-C332DBED3DF8}
		{422B8170-F96C-4DDC-9B8E-60C237E802FF} = {6A1F6E82-33F9-4571-94FE-C332DBED3DF8}
		{4FDD1FE0-A36F-4F98-B4BF-C7EC87DED880} = {6A1F6E82-33F9-4571-94FE-C332DBED3DF8}
		{F15A9AAD-5CAE-4C20-ACF5-8CA76CF09082} = {2FA72A9D-33B2-4392-8FE4-EE7FA6D9F147}
		{BA84773B-7932-4987-AE08-C0D33EC3339E} = {2669D375-E38F-4991-B50C-CAEFD1C57054}
		{8DE777E5-A0AA-4F59-A405-5F7A185A395B} = {423CC89D-F00D-45D2-BE00-931786875AA6}
		{090C7F4E-470F-4E6C-A1E8-D7D4170EB602} = {2FA72A9D-33B2-4392-8FE4-EE7FA6D9F147}
		{A97E0504-9A2C-4096-A88B-6C4E62948F5E} = {2FA72A9D-33B2-4392-8FE4-EE7FA6D9F147}
		{724854B7-879E-4BB8-8E18-D6D8111A4C08} = {2FA72A9D-33B2-4392-8FE4-EE7FA6D9F147}
		{E16709AF-25BF-474B-8C64-55ECA0DB0F8B} = {4B50141F-7DDA-4045-87E0-EFBF72CEFB63}
		{D637F0D3-B619-4AFD-817F-DBF4DC85F9FC} = {6A1F6E82-33F9-4571-94FE-C332DBED3DF8}
		{96004AFA-4B52-48A0-9ABE-8FDE77C522C9} = {2FA72A9D-33B2-4392-8FE4-EE7FA6D9F147}
		{D6A7E796-2E24-4917-997E-E3B77415B7B0} = {A46D95B0-ECBB-47A0-BD3D-88E934F7E002}
		{C1FDEAB3-B2A2-4D90-A0FF-B4B25C2C6728} = {B0F2E640-1B33-4428-B49F-183375231B02}
		{D0369510-C292-4C8A-8446-B54D63601B74} = {4674D40A-BF17-40A6-AA4F-C0CCB6139806}
		{27E61F0F-5227-40EA-BEA5-465FEB81C398} = {B0F2E640-1B33-4428-B49F-183375231B02}
		{A70CA59E-7652-404A-B60F-253E4EF8D5B3} = {E02EC0E8-179F-4E07-A44C-F43CBE4B8D33}
		{EBCA1D84-8375-4AF7-B596-9074784CFB3E} = {B0F2E640-1B33-4428-B49F-183375231B02}
		{9D4A53D3-707F-4009-AFEE-0564AC5C8034} = {B0F2E640-1B33-4428-B49F-183375231B02}
		{C8F79AC6-A105-4D4E-BB17-01EB5A95D1B0} = {2FA72A9D-33B2-4392-8FE4-EE7FA6D9F147}
		{4D1E460D-0616-472C-9C93-00CA16E543F5} = {EE45587A-115E-45A0-B5DD-96769BDF8AF5}
		{36F13103-1448-4FCD-81DA-33F900EBC3CF} = {EE45587A-115E-45A0-B5DD-96769BDF8AF5}
		{0283AA16-4558-4D94-BF56-EB013CD00EDD} = {EE45587A-115E-45A0-B5DD-96769BDF8AF5}
		{1FAAB051-AF14-454F-8C8D-4E0400702CDB} = {B8BC82E7-C1AE-457E-9B15-0F750DD6C897}
		{2E32EADC-647B-45B1-91C2-47033DEB79BB} = {B8BC82E7-C1AE-457E-9B15-0F750DD6C897}
		{56F2E56F-B35A-419D-AEAC-66E301598438} = {B8BC82E7-C1AE-457E-9B15-0F750DD6C897}
		{65C99AA5-416D-4C65-97B9-1B00BBD565C9} = {B8BC82E7-C1AE-457E-9B15-0F750DD6C897}
		{2F5CD06F-4A5C-4B7F-AC00-6690A1CD76CE} = {B8BC82E7-C1AE-457E-9B15-0F750DD6C897}
		{5089FF92-6191-4129-A70E-9432A2C89BC6} = {B8BC82E7-C1AE-457E-9B15-0F750DD6C897}
		{964C3B50-E34B-4C5D-A715-A2806A9F24F1} = {B8BC82E7-C1AE-457E-9B15-0F750DD6C897}
		{6C91249C-C8C2-4392-8816-66704FAEA88E} = {2669D375-E38F-4991-B50C-CAEFD1C57054}
		{178CEBE9-D9FE-4704-866A-0BBE72714782} = {423CC89D-F00D-45D2-BE00-931786875AA6}
	EndGlobalSection
	GlobalSection(ExtensibilityGlobals) = postSolution
		SolutionGuid = {C136217B-3CA6-4AEC-95E4-D62936481A67}
	EndGlobalSection
EndGlobal
