
Microsoft Visual Studio Solution File, Format Version 12.00
# Visual Studio Version 16
VisualStudioVersion = 16.0.31229.75
MinimumVisualStudioVersion = 10.0.40219.1
Project("{2150E333-8FDC-42A3-9474-1A3956D46DE8}") = "Infrastructure.Caching", "Infrastructure.Caching", "{06239A3E-3565-4F22-B3B1-83FD91A7427A}"
EndProject
Project("{9A19103F-16F7-4668-BE54-9A1E7A4F7556}") = "Infrastructure.Caching.Redis", "Infrastructure.Caching.Redis\Infrastructure.Caching.Redis.csproj", "{820D3874-EE25-4710-B1F8-753E186481DB}"
EndProject
Project("{2150E333-8FDC-42A3-9474-1A3956D46DE8}") = "Infrastructure.Communication", "Infrastructure.Communication", "{0785BF07-F570-4362-BF9C-87B069DD06D7}"
EndProject
Project("{9A19103F-16F7-4668-BE54-9A1E7A4F7556}") = "Infrastructure.Communication.Http", "Infrastructure.Communication.Http\Infrastructure.Communication.Http.csproj", "{EBF11376-41B1-45FA-A929-9A5AA65E2AD7}"
EndProject
Project("{9A19103F-16F7-4668-BE54-9A1E7A4F7556}") = "Infrastructure.Communication.Mq.Rabbit", "Infrastructure.Communication.Mq.Rabbit\Infrastructure.Communication.Mq.Rabbit.csproj", "{09B6FDCE-627E-44BA-996B-FEC877ED750A}"
EndProject
Project("{2150E333-8FDC-42A3-9474-1A3956D46DE8}") = "Infrastructure.Cryptography", "Infrastructure.Cryptography", "{8670F56C-753B-492B-A9E1-2B62F7C6DE20}"
EndProject
Project("{9A19103F-16F7-4668-BE54-9A1E7A4F7556}") = "Infrastructure.Cryptography", "Infrastructure.Cryptography\Infrastructure.Cryptography.csproj", "{1C2F83D0-23F1-444C-B480-F91683885033}"
EndProject
Project("{2150E333-8FDC-42A3-9474-1A3956D46DE8}") = "Infrastructure.Logging", "Infrastructure.Logging", "{A18DA7E9-6A4B-4A51-BF4F-1122D2D8E9D0}"
EndProject
Project("{9A19103F-16F7-4668-BE54-9A1E7A4F7556}") = "Infrastructure.Logging", "Infrastructure.Logging\Infrastructure.Logging.csproj", "{33E12B0C-25D7-4480-8172-B43C5E463943}"
EndProject
Project("{9A19103F-16F7-4668-BE54-9A1E7A4F7556}") = "Infrastructure.Logging.File", "Infrastructure.Logging.File\Infrastructure.Logging.File.csproj", "{128BD698-9A9D-429D-9B80-81A8F3791F8D}"
EndProject
Project("{9A19103F-16F7-4668-BE54-9A1E7A4F7556}") = "Infrastructure.Logging.MongoDb", "Infrastructure.Logging.MongoDb\Infrastructure.Logging.MongoDb.csproj", "{CF1D4971-6E4E-49E2-B925-A2498B50A8C2}"
EndProject
Project("{9A19103F-16F7-4668-BE54-9A1E7A4F7556}") = "Infrastructure.Logging.RabbitMq", "Infrastructure.Logging.RabbitMq\Infrastructure.Logging.RabbitMq.csproj", "{F4669DEC-1AF3-4623-9587-0D5726A1ADD8}"
EndProject
Project("{2150E333-8FDC-42A3-9474-1A3956D46DE8}") = "Infrastructure.Routing", "Infrastructure.Routing", "{4F27C624-CF6E-455E-B0C5-5BF6940C4B15}"
EndProject
Project("{9A19103F-16F7-4668-BE54-9A1E7A4F7556}") = "Infrastructure.Routing.Persistence", "Infrastructure.Routing.Persistence\Infrastructure.Routing.Persistence.csproj", "{6E6E5115-DAE8-4C59-A6A7-560A33557312}"
EndProject
Project("{9A19103F-16F7-4668-BE54-9A1E7A4F7556}") = "Infrastructure.Routing.Providers", "Infrastructure.Routing.Providers\Infrastructure.Routing.Providers.csproj", "{3DF48B03-D716-4A46-B33F-62529231F87D}"
EndProject
Project("{2150E333-8FDC-42A3-9474-1A3956D46DE8}") = "Services.Scheduling", "Services.Scheduling", "{32D31FE2-B682-4C42-B238-0DCA002DB0ED}"
EndProject
Project("{2150E333-8FDC-42A3-9474-1A3956D46DE8}") = "Infrastructure.Security", "Infrastructure.Security", "{D3EC0E73-D522-4A1C-937E-9C743966B62B}"
EndProject
Project("{9A19103F-16F7-4668-BE54-9A1E7A4F7556}") = "Infrastructure.Security.Authentication", "Infrastructure.Security.Authentication\Infrastructure.Security.Authentication.csproj", "{7B6B93AF-807F-44E6-84B2-8B0AC5455F9A}"
EndProject
Project("{9A19103F-16F7-4668-BE54-9A1E7A4F7556}") = "Infrastructure.Security.Authentication.BasicToken", "Infrastructure.Security.Authentication.BasicToken\Infrastructure.Security.Authentication.BasicToken.csproj", "{48654D39-F403-4F9F-B56D-97112E6D07CB}"
EndProject
Project("{9A19103F-16F7-4668-BE54-9A1E7A4F7556}") = "Infrastructure.Security.Authentication.JWT", "Infrastructure.Security.Authentication.JWT\Infrastructure.Security.Authentication.JWT.csproj", "{46148032-0437-44BA-B29A-6AAA473D41A0}"
EndProject
Project("{2150E333-8FDC-42A3-9474-1A3956D46DE8}") = "Infrastructure.Transaction", "Infrastructure.Transaction", "{E47E6E2E-1D2F-4FE0-8B97-4BF397015454}"
EndProject
Project("{2150E333-8FDC-42A3-9474-1A3956D46DE8}") = "Infrastructure.Util", "Infrastructure.Util", "{FFD063DC-DC70-4410-9CD2-F21BD50C2B37}"
EndProject
Project("{9A19103F-16F7-4668-BE54-9A1E7A4F7556}") = "Infrastructure.Util.DI", "Infrastructure.Util.DI\Infrastructure.Util.DI.csproj", "{111D0825-E18F-47E2-A3B9-CB4116B89273}"
EndProject
Project("{2150E333-8FDC-42A3-9474-1A3956D46DE8}") = "Infrastructure.Validation", "Infrastructure.Validation", "{E6FE7D11-D875-4BA0-93A1-9676B90EBABC}"
EndProject
Project("{2150E333-8FDC-42A3-9474-1A3956D46DE8}") = "Infrastructure.Localization", "Infrastructure.Localization", "{3D28514C-A51F-40F4-9370-9610BAEFF451}"
EndProject
Project("{2150E333-8FDC-42A3-9474-1A3956D46DE8}") = "Presentation.UI", "Presentation.UI", "{EAA4E6BD-4F68-4FFD-B41C-57D4ABD81A5C}"
EndProject
Project("{2150E333-8FDC-42A3-9474-1A3956D46DE8}") = "Services.Api.Business.Departments", "Services.Api.Business.Departments", "{4E185930-BD2A-4783-A076-20242950F439}"
EndProject
Project("{2150E333-8FDC-42A3-9474-1A3956D46DE8}") = "Tests", "Tests", "{732F396A-51BB-40FD-A22D-94BF3548D8C6}"
EndProject
Project("{2150E333-8FDC-42A3-9474-1A3956D46DE8}") = "Services.Api.Gateway", "Services.Api.Gateway", "{0F4BF799-97BA-4E83-B809-6F5702884F6D}"
EndProject
Project("{2150E333-8FDC-42A3-9474-1A3956D46DE8}") = "Services.Api", "Services.Api", "{1B7B3E01-E070-44FD-9E87-9B6072018B09}"
EndProject
Project("{2150E333-8FDC-42A3-9474-1A3956D46DE8}") = "Services.MQ", "Services.MQ", "{001D6284-AEF9-4902-9985-58CC694EFE61}"
EndProject
Project("{9A19103F-16F7-4668-BE54-9A1E7A4F7556}") = "Services.MQ.AA", "Services.MQ.AA\Services.MQ.AA.csproj", "{DC00D364-DA96-4BF4-95BC-17CD90BAD1DA}"
EndProject
Project("{9A19103F-16F7-4668-BE54-9A1E7A4F7556}") = "Services.MQ.Accounting", "Services.MQ.Accounting\Services.MQ.Accounting.csproj", "{FC9E1A79-5FC2-40B1-81FC-2631BA40C508}"
EndProject
Project("{9A19103F-16F7-4668-BE54-9A1E7A4F7556}") = "Services.MQ.Buying", "Services.MQ.Buying\Services.MQ.Buying.csproj", "{CF6B792E-A5BF-4A61-9231-A16F5D306068}"
EndProject
Project("{9A19103F-16F7-4668-BE54-9A1E7A4F7556}") = "Services.MQ.Finance", "Services.MQ.Finance\Services.MQ.Finance.csproj", "{7C30A3DA-115F-4578-AB35-A43870CEF780}"
EndProject
Project("{9A19103F-16F7-4668-BE54-9A1E7A4F7556}") = "Services.MQ.IT", "Services.MQ.IT\Services.MQ.IT.csproj", "{E7323F0E-BA04-4BFD-AE58-B73806CCD47F}"
EndProject
Project("{2150E333-8FDC-42A3-9474-1A3956D46DE8}") = "Services.WebSockets", "Services.WebSockets", "{9B8356C1-A6F0-4AA1-8F50-3C5A595B5ABE}"
EndProject
Project("{9A19103F-16F7-4668-BE54-9A1E7A4F7556}") = "Infrastructure.Caching", "Infrastructure.Caching\Infrastructure.Caching.csproj", "{F27B0846-EA5C-4C40-A180-488540AEE910}"
EndProject
Project("{2150E333-8FDC-42A3-9474-1A3956D46DE8}") = "Presentation.Monitoring", "Presentation.Monitoring", "{46613280-061A-4018-BE84-BB789E5C4525}"
EndProject
Project("{9A19103F-16F7-4668-BE54-9A1E7A4F7556}") = "Services.WebSockets.Security", "Services.WebSockets.Security\Services.WebSockets.Security.csproj", "{1F59B10F-3F11-4394-9CCD-066D4B30139C}"
EndProject
Project("{9A19103F-16F7-4668-BE54-9A1E7A4F7556}") = "Infrastructure.Security.Authentication.SignalR", "Infrastructure.Security.Authentication.SignalR\Infrastructure.Security.Authentication.SignalR.csproj", "{8885B555-2C55-4DEB-BA2A-D70D11EC001D}"
EndProject
Project("{2150E333-8FDC-42A3-9474-1A3956D46DE8}") = "Infrastructure.Mock", "Infrastructure.Mock", "{AF3CAC1C-3C1A-4384-BF4A-04382AA8A47B}"
EndProject
Project("{9A19103F-16F7-4668-BE54-9A1E7A4F7556}") = "Infrastructure.Mock", "Infrastructure.Mock\Infrastructure.Mock.csproj", "{908FD171-7538-431E-936E-5152BF6488BB}"
EndProject
Project("{9A19103F-16F7-4668-BE54-9A1E7A4F7556}") = "Infrastructure.Mock.Data", "Infrastructure.Mock.Data\Infrastructure.Mock.Data.csproj", "{EA07ECF7-F40D-4948-9E5B-F3CA8650186B}"
EndProject
Project("{9A19103F-16F7-4668-BE54-9A1E7A4F7556}") = "Infrastructure.Communication.WebSockets", "Infrastructure.Communication.WebSockets\Infrastructure.Communication.WebSockets.csproj", "{D3C3B635-9294-4467-B4F3-7ADD21F05D9D}"
EndProject
Project("{2150E333-8FDC-42A3-9474-1A3956D46DE8}") = "Infrastructure.Sockets", "Infrastructure.Sockets", "{FCB1496B-2EFE-4846-81D7-B640AB47D120}"
EndProject
Project("{9A19103F-16F7-4668-BE54-9A1E7A4F7556}") = "Infrastructure.Sockets.Persistence", "Infrastructure.Sockets.Persistence\Infrastructure.Sockets.Persistence.csproj", "{8AD78734-6487-49E2-8062-2F1901C4A60B}"
EndProject
Project("{9A19103F-16F7-4668-BE54-9A1E7A4F7556}") = "Infrastructure.Sockets.Providers", "Infrastructure.Sockets.Providers\Infrastructure.Sockets.Providers.csproj", "{C416C61C-B5EF-4937-83A9-624330E64729}"
EndProject
Project("{9A19103F-16F7-4668-BE54-9A1E7A4F7556}") = "Infrastructure.Routing", "Infrastructure.Routing\Infrastructure.Routing.csproj", "{B526D55A-26B1-4914-B39C-06A89C996663}"
EndProject
Project("{9A19103F-16F7-4668-BE54-9A1E7A4F7556}") = "Infrastructure.Sockets", "Infrastructure.Sockets\Infrastructure.Sockets.csproj", "{AF26AF16-ED66-489D-812D-D0B517FB8351}"
EndProject
Project("{9A19103F-16F7-4668-BE54-9A1E7A4F7556}") = "Infrastructure.Caching.InMemory", "Infrastructure.Caching.InMemory\Infrastructure.Caching.InMemory.csproj", "{01DC4D83-94FC-406A-8BE4-4234B2D03D17}"
EndProject
Project("{9A19103F-16F7-4668-BE54-9A1E7A4F7556}") = "Services.WebSockets.Reliability", "Services.WebSockets.Reliability\Services.WebSockets.Reliability.csproj", "{E510228A-9F54-48B6-ABD7-024F38426CD7}"
EndProject
Project("{9A19103F-16F7-4668-BE54-9A1E7A4F7556}") = "Services.Scheduling.Departments.Finance", "Services.Scheduling.Departments.Finance\Services.Scheduling.Departments.Finance.csproj", "{BE5AFC43-C07B-44DF-8238-F92611FFB7FC}"
EndProject
Project("{9A19103F-16F7-4668-BE54-9A1E7A4F7556}") = "Infrastructure.Security", "Infrastructure.Security\Infrastructure.Security.csproj", "{F5AAF6D1-2E3F-462C-8400-0D99343D4F2A}"
EndProject
Project("{9A19103F-16F7-4668-BE54-9A1E7A4F7556}") = "Infrastructure.Validation", "Infrastructure.Validation\Infrastructure.Validation.csproj", "{12BA2947-C5EB-4008-9FFB-73059FD3B035}"
EndProject
Project("{9A19103F-16F7-4668-BE54-9A1E7A4F7556}") = "Infrastructure.Communication.Http.Wrapper", "Infrastructure.Communication.Http.Wrapper\Infrastructure.Communication.Http.Wrapper.csproj", "{0F172FD6-CBC6-4B30-9FBB-D927EAB877CC}"
EndProject
Project("{9A19103F-16F7-4668-BE54-9A1E7A4F7556}") = "Infrastructure.Transaction.UnitOfWork.Sql", "Infrastructure.Transaction.UnitOfWork.Sql\Infrastructure.Transaction.UnitOfWork.Sql.csproj", "{5FEBCB9B-BFFA-4FE8-84AE-97E70B2F4583}"
EndProject
Project("{9A19103F-16F7-4668-BE54-9A1E7A4F7556}") = "Infrastructure.Transaction.UnitOfWork.EntityFramework", "Infrastructure.Transaction.UnitOfWork.EntityFramework\Infrastructure.Transaction.UnitOfWork.EntityFramework.csproj", "{79A25012-0A96-46AC-B72E-431A904EE427}"
EndProject
Project("{9A19103F-16F7-4668-BE54-9A1E7A4F7556}") = "Infrastructure.Transaction.Recovery", "Infrastructure.Transaction.Recovery\Infrastructure.Transaction.Recovery.csproj", "{98F72928-C528-431B-956C-C61DF3EE9774}"
EndProject
Project("{9A19103F-16F7-4668-BE54-9A1E7A4F7556}") = "Services.MQ.Production", "Services.MQ.Production\Services.MQ.Production.csproj", "{A72E5FFA-B2F7-4096-BB92-4FD64079C633}"
EndProject
Project("{9A19103F-16F7-4668-BE54-9A1E7A4F7556}") = "Services.MQ.Storage", "Services.MQ.Storage\Services.MQ.Storage.csproj", "{4FDA08BC-2E2F-4154-B8F6-7C9C98737935}"
EndProject
Project("{9A19103F-16F7-4668-BE54-9A1E7A4F7556}") = "Services.MQ.Selling", "Services.MQ.Selling\Services.MQ.Selling.csproj", "{9C2B5E3A-B0D6-4C52-BECD-5BBD2A7723EE}"
EndProject
Project("{9A19103F-16F7-4668-BE54-9A1E7A4F7556}") = "Presentation.UI.Web", "Presentation.UI.Web\Presentation.UI.Web.csproj", "{423D5949-DB92-4517-B746-0CF96997BA9B}"
EndProject
Project("{9A19103F-16F7-4668-BE54-9A1E7A4F7556}") = "Infrastructure.Security.Authentication.Cookie", "Infrastructure.Security.Authentication.Cookie\Infrastructure.Security.Authentication.Cookie.csproj", "{3374B051-60CF-4985-A85C-EBEE28790424}"
EndProject
Project("{9A19103F-16F7-4668-BE54-9A1E7A4F7556}") = "Presentation.UI.Web.Identity", "Presentation.UI.Web.Identity\Presentation.UI.Web.Identity.csproj", "{C38DBBA9-FD97-4017-B04D-BB26E3B2FA49}"
EndProject
Project("{2150E333-8FDC-42A3-9474-1A3956D46DE8}") = "Infrastructure", "Infrastructure", "{B29D6F56-F461-4BE8-80D8-6F92897F9EAA}"
EndProject
Project("{9A19103F-16F7-4668-BE54-9A1E7A4F7556}") = "Services.Security.BasicToken", "Services.Security.BasicToken\Services.Security.BasicToken.csproj", "{0668B5A5-BB23-48A2-B831-6ADAF4482540}"
EndProject
Project("{9A19103F-16F7-4668-BE54-9A1E7A4F7556}") = "Services.Security.Cookie", "Services.Security.Cookie\Services.Security.Cookie.csproj", "{F69CA37E-D734-4E00-9BE6-F2FC56B53B49}"
EndProject
Project("{9A19103F-16F7-4668-BE54-9A1E7A4F7556}") = "Services.Security.SignalR", "Services.Security.SignalR\Services.Security.SignalR.csproj", "{887CC2E6-8627-49CE-8AC3-8CEB6D5FB80A}"
EndProject
Project("{9A19103F-16F7-4668-BE54-9A1E7A4F7556}") = "Services.Communication.Http.Broker", "Services.Communication.Http.Broker\Services.Communication.Http.Broker.csproj", "{1563CBC7-38F1-461E-B618-805DCFD5AC9F}"
EndProject
Project("{9A19103F-16F7-4668-BE54-9A1E7A4F7556}") = "Services.Communication.Http.Broker.Department", "Services.Communication.Http.Broker.Department\Services.Communication.Http.Broker.Department.csproj", "{785A1B06-9647-41AB-973A-2083E0F3B5C4}"
EndProject
Project("{9A19103F-16F7-4668-BE54-9A1E7A4F7556}") = "Services.Communication.Http.Broker.Authorization", "Services.Communication.Http.Broker.Authorization\Services.Communication.Http.Broker.Authorization.csproj", "{5AE83F61-BA34-4CEC-8164-DA25975C1887}"
EndProject
Project("{9A19103F-16F7-4668-BE54-9A1E7A4F7556}") = "Services.Communication.Http.Broker.Gateway", "Services.Communication.Http.Broker.Gateway\Services.Communication.Http.Broker.Gateway.csproj", "{94151CC5-230B-4BCB-AB12-0E005AD765D1}"
EndProject
Project("{9A19103F-16F7-4668-BE54-9A1E7A4F7556}") = "Services.Communication.Mq.Rabbit.Configuration", "Services.Communication.Mq.Rabbit.Configuration\Services.Communication.Mq.Rabbit.Configuration.csproj", "{57D709E5-B9F3-4F6D-AA20-F4B06D7A1FDC}"
EndProject
Project("{9A19103F-16F7-4668-BE54-9A1E7A4F7556}") = "Services.Communication.Mq.Rabbit.Publisher", "Services.Communication.Mq.Rabbit.Publisher\Services.Communication.Mq.Rabbit.Publisher.csproj", "{708E4341-956F-4962-8EAB-C50CC367D66C}"
EndProject
Project("{2150E333-8FDC-42A3-9474-1A3956D46DE8}") = "Services", "Services", "{2EE70AFD-E3E7-49A0-9A36-5C36844C0EA0}"
EndProject
Project("{9A19103F-16F7-4668-BE54-9A1E7A4F7556}") = "Presentation.Monitoring.Reliability.Console", "Presentation.Monitoring.Reliability.Console\Presentation.Monitoring.Reliability.Console.csproj", "{7E62A379-41AB-4AFE-867D-840A5A7AEEDA}"
EndProject
Project("{9A19103F-16F7-4668-BE54-9A1E7A4F7556}") = "Presentation.Monitoring.Security.Console", "Presentation.Monitoring.Security.Console\Presentation.Monitoring.Security.Console.csproj", "{208EA143-EEDA-4DAE-9BB2-DBE46678EF2E}"
EndProject
Project("{9A19103F-16F7-4668-BE54-9A1E7A4F7556}") = "Services.Api.Authorization", "Services.Api.Authorization\Services.Api.Authorization.csproj", "{EAF2E5D2-46B6-4EB1-84DA-5872C3EF4D06}"
EndProject
Project("{9A19103F-16F7-4668-BE54-9A1E7A4F7556}") = "Services.Api.Logging", "Services.Api.Logging\Services.Api.Logging.csproj", "{C1560914-FB01-45E5-952D-68F6F8D3AAA2}"
EndProject
Project("{9A19103F-16F7-4668-BE54-9A1E7A4F7556}") = "Services.Api.Gateway.Public", "Services.Api.Gateway.Public\Services.Api.Gateway.Public.csproj", "{6A8A3096-75D5-46E7-AE7A-9FBAF3924AC0}"
EndProject
Project("{9A19103F-16F7-4668-BE54-9A1E7A4F7556}") = "Test.Services.Api.Business.Departments.AA", "Test.Services.Api.Business.Departments.AA\Test.Services.Api.Business.Departments.AA.csproj", "{A905742A-7BE6-44D0-B31F-F1EACA9FC2F1}"
EndProject
Project("{9A19103F-16F7-4668-BE54-9A1E7A4F7556}") = "Test.Services.Api.Business.Departments.Accounting", "Test.Services.Api.Business.Departments.Accounting\Test.Services.Api.Business.Departments.Accounting.csproj", "{2CC94C75-A608-45A2-9412-5F512F10A218}"
EndProject
Project("{9A19103F-16F7-4668-BE54-9A1E7A4F7556}") = "Test.Services.Api.Business.Departments.HR", "Test.Services.Api.Business.Departments.HR\Test.Services.Api.Business.Departments.HR.csproj", "{0DF8FE68-4953-4AA2-9CBC-229DF23348F9}"
EndProject
Project("{9A19103F-16F7-4668-BE54-9A1E7A4F7556}") = "Test.Services.Api.Business.Departments.IT", "Test.Services.Api.Business.Departments.IT\Test.Services.Api.Business.Departments.IT.csproj", "{77E3DCE5-60CF-4C97-A220-E107E9496270}"
EndProject
Project("{9A19103F-16F7-4668-BE54-9A1E7A4F7556}") = "Services.Api.Business.Departments.AA", "Services.Api.Business.Departments.AA\Services.Api.Business.Departments.AA.csproj", "{31CDFF4C-B574-4758-B863-2675E95D0A4D}"
EndProject
Project("{9A19103F-16F7-4668-BE54-9A1E7A4F7556}") = "Services.Api.Business.Departments.Accounting", "Services.Api.Business.Departments.Accounting\Services.Api.Business.Departments.Accounting.csproj", "{DE89E080-0004-45E0-AFCF-3AF908218EB4}"
EndProject
Project("{9A19103F-16F7-4668-BE54-9A1E7A4F7556}") = "Services.Api.Business.Departments.Buying", "Services.Api.Business.Departments.Buying\Services.Api.Business.Departments.Buying.csproj", "{EF8302EF-355D-4C12-8401-BB81AA9373C3}"
EndProject
Project("{9A19103F-16F7-4668-BE54-9A1E7A4F7556}") = "Services.Api.Business.Departments.CR", "Services.Api.Business.Departments.CR\Services.Api.Business.Departments.CR.csproj", "{CDF8EF04-C321-4052-87ED-563540099774}"
EndProject
Project("{9A19103F-16F7-4668-BE54-9A1E7A4F7556}") = "Services.Api.Business.Departments.Finance", "Services.Api.Business.Departments.Finance\Services.Api.Business.Departments.Finance.csproj", "{ACD99BF1-C922-4B14-953A-E453B2B7EA63}"
EndProject
Project("{9A19103F-16F7-4668-BE54-9A1E7A4F7556}") = "Services.Api.Business.Departments.HR", "Services.Api.Business.Departments.HR\Services.Api.Business.Departments.HR.csproj", "{8E9E1E1F-A80E-428B-BA08-BC1B56AC26D5}"
EndProject
Project("{9A19103F-16F7-4668-BE54-9A1E7A4F7556}") = "Services.Api.Business.Departments.IT", "Services.Api.Business.Departments.IT\Services.Api.Business.Departments.IT.csproj", "{35C2B54B-512D-4710-A7A5-2037DA6E9852}"
EndProject
Project("{9A19103F-16F7-4668-BE54-9A1E7A4F7556}") = "Services.Api.Business.Departments.Production", "Services.Api.Business.Departments.Production\Services.Api.Business.Departments.Production.csproj", "{99BD2EC4-F961-4EB1-A6DB-B2C160C68EC8}"
EndProject
Project("{9A19103F-16F7-4668-BE54-9A1E7A4F7556}") = "Services.Api.Business.Departments.Selling", "Services.Api.Business.Departments.Selling\Services.Api.Business.Departments.Selling.csproj", "{D3233D9F-43EA-4544-B0C5-4B902E86D432}"
EndProject
Project("{9A19103F-16F7-4668-BE54-9A1E7A4F7556}") = "Services.Api.Business.Departments.Storage", "Services.Api.Business.Departments.Storage\Services.Api.Business.Departments.Storage.csproj", "{4E6E62F4-A417-4D31-9CED-0BA9E9500574}"
EndProject
Project("{9A19103F-16F7-4668-BE54-9A1E7A4F7556}") = "Services.Communication.Mq.Rabbit.Consumer", "Services.Communication.Mq.Rabbit.Consumer\Services.Communication.Mq.Rabbit.Consumer.csproj", "{BB6568D8-BD7B-425F-8C48-50226353355E}"
EndProject
Project("{9A19103F-16F7-4668-BE54-9A1E7A4F7556}") = "Services.Communication.Mq.Rabbit", "Services.Communication.Mq.Rabbit\Services.Communication.Mq.Rabbit.csproj", "{E043A4AE-1049-4E45-9212-81CE20710ACB}"
EndProject
Project("{9A19103F-16F7-4668-BE54-9A1E7A4F7556}") = "Services.Logging.RequestResponse", "Services.Logging.RequestResponse\Services.Logging.RequestResponse.csproj", "{BC5D505C-9BFB-45DA-8886-BBF436F38F74}"
EndProject
Project("{9A19103F-16F7-4668-BE54-9A1E7A4F7556}") = "Infrastructure.Localization.Translation.Persistence.EntityFramework", "Infrastructure.Localization.Translation.Persistence.EntityFramework\Infrastructure.Localization.Translation.Persistence.EntityFramework.csproj", "{F33284EE-FFAE-4485-9484-4EC87A80584A}"
EndProject
Project("{9A19103F-16F7-4668-BE54-9A1E7A4F7556}") = "Infrastructure.Localization.Translation.Persistence", "Infrastructure.Localization.Translation.Persistence\Infrastructure.Localization.Translation.Persistence.csproj", "{4D362B5F-3C08-40E4-AA63-5398F79F6AEF}"
EndProject
Project("{9A19103F-16F7-4668-BE54-9A1E7A4F7556}") = "Infrastructure.Localization.Translation", "Infrastructure.Localization.Translation\Infrastructure.Localization.Translation.csproj", "{C207D970-F2E7-4E47-A385-3366D68D7F80}"
EndProject
Project("{9A19103F-16F7-4668-BE54-9A1E7A4F7556}") = "Infrastructure.Localization.Translation.Provider", "Infrastructure.Localization.Translation.Provider\Infrastructure.Localization.Translation.Provider.csproj", "{CAFC0EA1-9247-4DCA-8DE1-908F11BCFB04}"
EndProject
Project("{FAE04EC0-301F-11D3-BF4B-00C04F79EFBC}") = "Services.Diagnostics.HealthCheck", "Services.Diagnostics.HealthCheck\Services.Diagnostics.HealthCheck.csproj", "{6DFE9DAA-761B-4FE5-83F5-27B3B251027C}"
EndProject
Project("{2150E333-8FDC-42A3-9474-1A3956D46DE8}") = "Infrastructure.Diagnostics", "Infrastructure.Diagnostics", "{7DC8E27D-3756-441C-AA86-B8C93537A2A8}"
EndProject
Project("{FAE04EC0-301F-11D3-BF4B-00C04F79EFBC}") = "Infrastructure.Diagnostics.HealthCheck.Actions", "Infrastructure.Diagnostics.HealthCheck.Actions\Infrastructure.Diagnostics.HealthCheck.Actions.csproj", "{4D766D8C-4004-41E3-A4B1-BD659EA56C42}"
EndProject
Project("{FAE04EC0-301F-11D3-BF4B-00C04F79EFBC}") = "Infrastructure.Diagnostics.HealthCheck.Util", "Infrastructure.Diagnostics.HealthCheck.Util\Infrastructure.Diagnostics.HealthCheck.Util.csproj", "{2DFABEEF-8E6B-405F-887C-322E0952010E}"
EndProject
Project("{FAE04EC0-301F-11D3-BF4B-00C04F79EFBC}") = "Services.Scheduling.Diagnostics.HealthCheck", "Services.Scheduling.Diagnostics.HealthCheck\Services.Scheduling.Diagnostics.HealthCheck.csproj", "{CC3AAA51-94E2-4003-BDC0-338A688D470F}"
EndProject
Global
	GlobalSection(SolutionConfigurationPlatforms) = preSolution
		Debug|Any CPU = Debug|Any CPU
		Release|Any CPU = Release|Any CPU
	EndGlobalSection
	GlobalSection(ProjectConfigurationPlatforms) = postSolution
		{820D3874-EE25-4710-B1F8-753E186481DB}.Debug|Any CPU.ActiveCfg = Debug|Any CPU
		{820D3874-EE25-4710-B1F8-753E186481DB}.Debug|Any CPU.Build.0 = Debug|Any CPU
		{820D3874-EE25-4710-B1F8-753E186481DB}.Release|Any CPU.ActiveCfg = Release|Any CPU
		{820D3874-EE25-4710-B1F8-753E186481DB}.Release|Any CPU.Build.0 = Release|Any CPU
		{EBF11376-41B1-45FA-A929-9A5AA65E2AD7}.Debug|Any CPU.ActiveCfg = Debug|Any CPU
		{EBF11376-41B1-45FA-A929-9A5AA65E2AD7}.Debug|Any CPU.Build.0 = Debug|Any CPU
		{EBF11376-41B1-45FA-A929-9A5AA65E2AD7}.Release|Any CPU.ActiveCfg = Release|Any CPU
		{EBF11376-41B1-45FA-A929-9A5AA65E2AD7}.Release|Any CPU.Build.0 = Release|Any CPU
		{09B6FDCE-627E-44BA-996B-FEC877ED750A}.Debug|Any CPU.ActiveCfg = Debug|Any CPU
		{09B6FDCE-627E-44BA-996B-FEC877ED750A}.Debug|Any CPU.Build.0 = Debug|Any CPU
		{09B6FDCE-627E-44BA-996B-FEC877ED750A}.Release|Any CPU.ActiveCfg = Release|Any CPU
		{09B6FDCE-627E-44BA-996B-FEC877ED750A}.Release|Any CPU.Build.0 = Release|Any CPU
		{1C2F83D0-23F1-444C-B480-F91683885033}.Debug|Any CPU.ActiveCfg = Debug|Any CPU
		{1C2F83D0-23F1-444C-B480-F91683885033}.Debug|Any CPU.Build.0 = Debug|Any CPU
		{1C2F83D0-23F1-444C-B480-F91683885033}.Release|Any CPU.ActiveCfg = Release|Any CPU
		{1C2F83D0-23F1-444C-B480-F91683885033}.Release|Any CPU.Build.0 = Release|Any CPU
		{33E12B0C-25D7-4480-8172-B43C5E463943}.Debug|Any CPU.ActiveCfg = Debug|Any CPU
		{33E12B0C-25D7-4480-8172-B43C5E463943}.Debug|Any CPU.Build.0 = Debug|Any CPU
		{33E12B0C-25D7-4480-8172-B43C5E463943}.Release|Any CPU.ActiveCfg = Release|Any CPU
		{33E12B0C-25D7-4480-8172-B43C5E463943}.Release|Any CPU.Build.0 = Release|Any CPU
		{128BD698-9A9D-429D-9B80-81A8F3791F8D}.Debug|Any CPU.ActiveCfg = Debug|Any CPU
		{128BD698-9A9D-429D-9B80-81A8F3791F8D}.Debug|Any CPU.Build.0 = Debug|Any CPU
		{128BD698-9A9D-429D-9B80-81A8F3791F8D}.Release|Any CPU.ActiveCfg = Release|Any CPU
		{128BD698-9A9D-429D-9B80-81A8F3791F8D}.Release|Any CPU.Build.0 = Release|Any CPU
		{CF1D4971-6E4E-49E2-B925-A2498B50A8C2}.Debug|Any CPU.ActiveCfg = Debug|Any CPU
		{CF1D4971-6E4E-49E2-B925-A2498B50A8C2}.Debug|Any CPU.Build.0 = Debug|Any CPU
		{CF1D4971-6E4E-49E2-B925-A2498B50A8C2}.Release|Any CPU.ActiveCfg = Release|Any CPU
		{CF1D4971-6E4E-49E2-B925-A2498B50A8C2}.Release|Any CPU.Build.0 = Release|Any CPU
		{F4669DEC-1AF3-4623-9587-0D5726A1ADD8}.Debug|Any CPU.ActiveCfg = Debug|Any CPU
		{F4669DEC-1AF3-4623-9587-0D5726A1ADD8}.Debug|Any CPU.Build.0 = Debug|Any CPU
		{F4669DEC-1AF3-4623-9587-0D5726A1ADD8}.Release|Any CPU.ActiveCfg = Release|Any CPU
		{F4669DEC-1AF3-4623-9587-0D5726A1ADD8}.Release|Any CPU.Build.0 = Release|Any CPU
		{6E6E5115-DAE8-4C59-A6A7-560A33557312}.Debug|Any CPU.ActiveCfg = Debug|Any CPU
		{6E6E5115-DAE8-4C59-A6A7-560A33557312}.Debug|Any CPU.Build.0 = Debug|Any CPU
		{6E6E5115-DAE8-4C59-A6A7-560A33557312}.Release|Any CPU.ActiveCfg = Release|Any CPU
		{6E6E5115-DAE8-4C59-A6A7-560A33557312}.Release|Any CPU.Build.0 = Release|Any CPU
		{3DF48B03-D716-4A46-B33F-62529231F87D}.Debug|Any CPU.ActiveCfg = Debug|Any CPU
		{3DF48B03-D716-4A46-B33F-62529231F87D}.Debug|Any CPU.Build.0 = Debug|Any CPU
		{3DF48B03-D716-4A46-B33F-62529231F87D}.Release|Any CPU.ActiveCfg = Release|Any CPU
		{3DF48B03-D716-4A46-B33F-62529231F87D}.Release|Any CPU.Build.0 = Release|Any CPU
		{7B6B93AF-807F-44E6-84B2-8B0AC5455F9A}.Debug|Any CPU.ActiveCfg = Debug|Any CPU
		{7B6B93AF-807F-44E6-84B2-8B0AC5455F9A}.Debug|Any CPU.Build.0 = Debug|Any CPU
		{7B6B93AF-807F-44E6-84B2-8B0AC5455F9A}.Release|Any CPU.ActiveCfg = Release|Any CPU
		{7B6B93AF-807F-44E6-84B2-8B0AC5455F9A}.Release|Any CPU.Build.0 = Release|Any CPU
		{48654D39-F403-4F9F-B56D-97112E6D07CB}.Debug|Any CPU.ActiveCfg = Debug|Any CPU
		{48654D39-F403-4F9F-B56D-97112E6D07CB}.Debug|Any CPU.Build.0 = Debug|Any CPU
		{48654D39-F403-4F9F-B56D-97112E6D07CB}.Release|Any CPU.ActiveCfg = Release|Any CPU
		{48654D39-F403-4F9F-B56D-97112E6D07CB}.Release|Any CPU.Build.0 = Release|Any CPU
		{46148032-0437-44BA-B29A-6AAA473D41A0}.Debug|Any CPU.ActiveCfg = Debug|Any CPU
		{46148032-0437-44BA-B29A-6AAA473D41A0}.Debug|Any CPU.Build.0 = Debug|Any CPU
		{46148032-0437-44BA-B29A-6AAA473D41A0}.Release|Any CPU.ActiveCfg = Release|Any CPU
		{46148032-0437-44BA-B29A-6AAA473D41A0}.Release|Any CPU.Build.0 = Release|Any CPU
		{111D0825-E18F-47E2-A3B9-CB4116B89273}.Debug|Any CPU.ActiveCfg = Debug|Any CPU
		{111D0825-E18F-47E2-A3B9-CB4116B89273}.Debug|Any CPU.Build.0 = Debug|Any CPU
		{111D0825-E18F-47E2-A3B9-CB4116B89273}.Release|Any CPU.ActiveCfg = Release|Any CPU
		{111D0825-E18F-47E2-A3B9-CB4116B89273}.Release|Any CPU.Build.0 = Release|Any CPU
		{DC00D364-DA96-4BF4-95BC-17CD90BAD1DA}.Debug|Any CPU.ActiveCfg = Debug|Any CPU
		{DC00D364-DA96-4BF4-95BC-17CD90BAD1DA}.Debug|Any CPU.Build.0 = Debug|Any CPU
		{DC00D364-DA96-4BF4-95BC-17CD90BAD1DA}.Release|Any CPU.ActiveCfg = Release|Any CPU
		{DC00D364-DA96-4BF4-95BC-17CD90BAD1DA}.Release|Any CPU.Build.0 = Release|Any CPU
		{FC9E1A79-5FC2-40B1-81FC-2631BA40C508}.Debug|Any CPU.ActiveCfg = Debug|Any CPU
		{FC9E1A79-5FC2-40B1-81FC-2631BA40C508}.Debug|Any CPU.Build.0 = Debug|Any CPU
		{FC9E1A79-5FC2-40B1-81FC-2631BA40C508}.Release|Any CPU.ActiveCfg = Release|Any CPU
		{FC9E1A79-5FC2-40B1-81FC-2631BA40C508}.Release|Any CPU.Build.0 = Release|Any CPU
		{CF6B792E-A5BF-4A61-9231-A16F5D306068}.Debug|Any CPU.ActiveCfg = Debug|Any CPU
		{CF6B792E-A5BF-4A61-9231-A16F5D306068}.Debug|Any CPU.Build.0 = Debug|Any CPU
		{CF6B792E-A5BF-4A61-9231-A16F5D306068}.Release|Any CPU.ActiveCfg = Release|Any CPU
		{CF6B792E-A5BF-4A61-9231-A16F5D306068}.Release|Any CPU.Build.0 = Release|Any CPU
		{7C30A3DA-115F-4578-AB35-A43870CEF780}.Debug|Any CPU.ActiveCfg = Debug|Any CPU
		{7C30A3DA-115F-4578-AB35-A43870CEF780}.Debug|Any CPU.Build.0 = Debug|Any CPU
		{7C30A3DA-115F-4578-AB35-A43870CEF780}.Release|Any CPU.ActiveCfg = Release|Any CPU
		{7C30A3DA-115F-4578-AB35-A43870CEF780}.Release|Any CPU.Build.0 = Release|Any CPU
		{E7323F0E-BA04-4BFD-AE58-B73806CCD47F}.Debug|Any CPU.ActiveCfg = Debug|Any CPU
		{E7323F0E-BA04-4BFD-AE58-B73806CCD47F}.Debug|Any CPU.Build.0 = Debug|Any CPU
		{E7323F0E-BA04-4BFD-AE58-B73806CCD47F}.Release|Any CPU.ActiveCfg = Release|Any CPU
		{E7323F0E-BA04-4BFD-AE58-B73806CCD47F}.Release|Any CPU.Build.0 = Release|Any CPU
		{F27B0846-EA5C-4C40-A180-488540AEE910}.Debug|Any CPU.ActiveCfg = Debug|Any CPU
		{F27B0846-EA5C-4C40-A180-488540AEE910}.Debug|Any CPU.Build.0 = Debug|Any CPU
		{F27B0846-EA5C-4C40-A180-488540AEE910}.Release|Any CPU.ActiveCfg = Release|Any CPU
		{F27B0846-EA5C-4C40-A180-488540AEE910}.Release|Any CPU.Build.0 = Release|Any CPU
		{1F59B10F-3F11-4394-9CCD-066D4B30139C}.Debug|Any CPU.ActiveCfg = Debug|Any CPU
		{1F59B10F-3F11-4394-9CCD-066D4B30139C}.Debug|Any CPU.Build.0 = Debug|Any CPU
		{1F59B10F-3F11-4394-9CCD-066D4B30139C}.Release|Any CPU.ActiveCfg = Release|Any CPU
		{1F59B10F-3F11-4394-9CCD-066D4B30139C}.Release|Any CPU.Build.0 = Release|Any CPU
		{8885B555-2C55-4DEB-BA2A-D70D11EC001D}.Debug|Any CPU.ActiveCfg = Debug|Any CPU
		{8885B555-2C55-4DEB-BA2A-D70D11EC001D}.Debug|Any CPU.Build.0 = Debug|Any CPU
		{8885B555-2C55-4DEB-BA2A-D70D11EC001D}.Release|Any CPU.ActiveCfg = Release|Any CPU
		{8885B555-2C55-4DEB-BA2A-D70D11EC001D}.Release|Any CPU.Build.0 = Release|Any CPU
		{908FD171-7538-431E-936E-5152BF6488BB}.Debug|Any CPU.ActiveCfg = Debug|Any CPU
		{908FD171-7538-431E-936E-5152BF6488BB}.Debug|Any CPU.Build.0 = Debug|Any CPU
		{908FD171-7538-431E-936E-5152BF6488BB}.Release|Any CPU.ActiveCfg = Release|Any CPU
		{908FD171-7538-431E-936E-5152BF6488BB}.Release|Any CPU.Build.0 = Release|Any CPU
		{EA07ECF7-F40D-4948-9E5B-F3CA8650186B}.Debug|Any CPU.ActiveCfg = Debug|Any CPU
		{EA07ECF7-F40D-4948-9E5B-F3CA8650186B}.Debug|Any CPU.Build.0 = Debug|Any CPU
		{EA07ECF7-F40D-4948-9E5B-F3CA8650186B}.Release|Any CPU.ActiveCfg = Release|Any CPU
		{EA07ECF7-F40D-4948-9E5B-F3CA8650186B}.Release|Any CPU.Build.0 = Release|Any CPU
		{D3C3B635-9294-4467-B4F3-7ADD21F05D9D}.Debug|Any CPU.ActiveCfg = Debug|Any CPU
		{D3C3B635-9294-4467-B4F3-7ADD21F05D9D}.Debug|Any CPU.Build.0 = Debug|Any CPU
		{D3C3B635-9294-4467-B4F3-7ADD21F05D9D}.Release|Any CPU.ActiveCfg = Release|Any CPU
		{D3C3B635-9294-4467-B4F3-7ADD21F05D9D}.Release|Any CPU.Build.0 = Release|Any CPU
		{8AD78734-6487-49E2-8062-2F1901C4A60B}.Debug|Any CPU.ActiveCfg = Debug|Any CPU
		{8AD78734-6487-49E2-8062-2F1901C4A60B}.Debug|Any CPU.Build.0 = Debug|Any CPU
		{8AD78734-6487-49E2-8062-2F1901C4A60B}.Release|Any CPU.ActiveCfg = Release|Any CPU
		{8AD78734-6487-49E2-8062-2F1901C4A60B}.Release|Any CPU.Build.0 = Release|Any CPU
		{C416C61C-B5EF-4937-83A9-624330E64729}.Debug|Any CPU.ActiveCfg = Debug|Any CPU
		{C416C61C-B5EF-4937-83A9-624330E64729}.Debug|Any CPU.Build.0 = Debug|Any CPU
		{C416C61C-B5EF-4937-83A9-624330E64729}.Release|Any CPU.ActiveCfg = Release|Any CPU
		{C416C61C-B5EF-4937-83A9-624330E64729}.Release|Any CPU.Build.0 = Release|Any CPU
		{B526D55A-26B1-4914-B39C-06A89C996663}.Debug|Any CPU.ActiveCfg = Debug|Any CPU
		{B526D55A-26B1-4914-B39C-06A89C996663}.Debug|Any CPU.Build.0 = Debug|Any CPU
		{B526D55A-26B1-4914-B39C-06A89C996663}.Release|Any CPU.ActiveCfg = Release|Any CPU
		{B526D55A-26B1-4914-B39C-06A89C996663}.Release|Any CPU.Build.0 = Release|Any CPU
		{AF26AF16-ED66-489D-812D-D0B517FB8351}.Debug|Any CPU.ActiveCfg = Debug|Any CPU
		{AF26AF16-ED66-489D-812D-D0B517FB8351}.Debug|Any CPU.Build.0 = Debug|Any CPU
		{AF26AF16-ED66-489D-812D-D0B517FB8351}.Release|Any CPU.ActiveCfg = Release|Any CPU
		{AF26AF16-ED66-489D-812D-D0B517FB8351}.Release|Any CPU.Build.0 = Release|Any CPU
		{01DC4D83-94FC-406A-8BE4-4234B2D03D17}.Debug|Any CPU.ActiveCfg = Debug|Any CPU
		{01DC4D83-94FC-406A-8BE4-4234B2D03D17}.Debug|Any CPU.Build.0 = Debug|Any CPU
		{01DC4D83-94FC-406A-8BE4-4234B2D03D17}.Release|Any CPU.ActiveCfg = Release|Any CPU
		{01DC4D83-94FC-406A-8BE4-4234B2D03D17}.Release|Any CPU.Build.0 = Release|Any CPU
		{E510228A-9F54-48B6-ABD7-024F38426CD7}.Debug|Any CPU.ActiveCfg = Debug|Any CPU
		{E510228A-9F54-48B6-ABD7-024F38426CD7}.Debug|Any CPU.Build.0 = Debug|Any CPU
		{E510228A-9F54-48B6-ABD7-024F38426CD7}.Release|Any CPU.ActiveCfg = Release|Any CPU
		{E510228A-9F54-48B6-ABD7-024F38426CD7}.Release|Any CPU.Build.0 = Release|Any CPU
		{BE5AFC43-C07B-44DF-8238-F92611FFB7FC}.Debug|Any CPU.ActiveCfg = Debug|Any CPU
		{BE5AFC43-C07B-44DF-8238-F92611FFB7FC}.Debug|Any CPU.Build.0 = Debug|Any CPU
		{BE5AFC43-C07B-44DF-8238-F92611FFB7FC}.Release|Any CPU.ActiveCfg = Release|Any CPU
		{BE5AFC43-C07B-44DF-8238-F92611FFB7FC}.Release|Any CPU.Build.0 = Release|Any CPU
		{F5AAF6D1-2E3F-462C-8400-0D99343D4F2A}.Debug|Any CPU.ActiveCfg = Debug|Any CPU
		{F5AAF6D1-2E3F-462C-8400-0D99343D4F2A}.Debug|Any CPU.Build.0 = Debug|Any CPU
		{F5AAF6D1-2E3F-462C-8400-0D99343D4F2A}.Release|Any CPU.ActiveCfg = Release|Any CPU
		{F5AAF6D1-2E3F-462C-8400-0D99343D4F2A}.Release|Any CPU.Build.0 = Release|Any CPU
		{12BA2947-C5EB-4008-9FFB-73059FD3B035}.Debug|Any CPU.ActiveCfg = Debug|Any CPU
		{12BA2947-C5EB-4008-9FFB-73059FD3B035}.Debug|Any CPU.Build.0 = Debug|Any CPU
		{12BA2947-C5EB-4008-9FFB-73059FD3B035}.Release|Any CPU.ActiveCfg = Release|Any CPU
		{12BA2947-C5EB-4008-9FFB-73059FD3B035}.Release|Any CPU.Build.0 = Release|Any CPU
		{0F172FD6-CBC6-4B30-9FBB-D927EAB877CC}.Debug|Any CPU.ActiveCfg = Debug|Any CPU
		{0F172FD6-CBC6-4B30-9FBB-D927EAB877CC}.Debug|Any CPU.Build.0 = Debug|Any CPU
		{0F172FD6-CBC6-4B30-9FBB-D927EAB877CC}.Release|Any CPU.ActiveCfg = Release|Any CPU
		{0F172FD6-CBC6-4B30-9FBB-D927EAB877CC}.Release|Any CPU.Build.0 = Release|Any CPU
		{5FEBCB9B-BFFA-4FE8-84AE-97E70B2F4583}.Debug|Any CPU.ActiveCfg = Debug|Any CPU
		{5FEBCB9B-BFFA-4FE8-84AE-97E70B2F4583}.Debug|Any CPU.Build.0 = Debug|Any CPU
		{5FEBCB9B-BFFA-4FE8-84AE-97E70B2F4583}.Release|Any CPU.ActiveCfg = Release|Any CPU
		{5FEBCB9B-BFFA-4FE8-84AE-97E70B2F4583}.Release|Any CPU.Build.0 = Release|Any CPU
		{79A25012-0A96-46AC-B72E-431A904EE427}.Debug|Any CPU.ActiveCfg = Debug|Any CPU
		{79A25012-0A96-46AC-B72E-431A904EE427}.Debug|Any CPU.Build.0 = Debug|Any CPU
		{79A25012-0A96-46AC-B72E-431A904EE427}.Release|Any CPU.ActiveCfg = Release|Any CPU
		{79A25012-0A96-46AC-B72E-431A904EE427}.Release|Any CPU.Build.0 = Release|Any CPU
		{98F72928-C528-431B-956C-C61DF3EE9774}.Debug|Any CPU.ActiveCfg = Debug|Any CPU
		{98F72928-C528-431B-956C-C61DF3EE9774}.Debug|Any CPU.Build.0 = Debug|Any CPU
		{98F72928-C528-431B-956C-C61DF3EE9774}.Release|Any CPU.ActiveCfg = Release|Any CPU
		{98F72928-C528-431B-956C-C61DF3EE9774}.Release|Any CPU.Build.0 = Release|Any CPU
		{A72E5FFA-B2F7-4096-BB92-4FD64079C633}.Debug|Any CPU.ActiveCfg = Debug|Any CPU
		{A72E5FFA-B2F7-4096-BB92-4FD64079C633}.Debug|Any CPU.Build.0 = Debug|Any CPU
		{A72E5FFA-B2F7-4096-BB92-4FD64079C633}.Release|Any CPU.ActiveCfg = Release|Any CPU
		{A72E5FFA-B2F7-4096-BB92-4FD64079C633}.Release|Any CPU.Build.0 = Release|Any CPU
		{4FDA08BC-2E2F-4154-B8F6-7C9C98737935}.Debug|Any CPU.ActiveCfg = Debug|Any CPU
		{4FDA08BC-2E2F-4154-B8F6-7C9C98737935}.Debug|Any CPU.Build.0 = Debug|Any CPU
		{4FDA08BC-2E2F-4154-B8F6-7C9C98737935}.Release|Any CPU.ActiveCfg = Release|Any CPU
		{4FDA08BC-2E2F-4154-B8F6-7C9C98737935}.Release|Any CPU.Build.0 = Release|Any CPU
		{9C2B5E3A-B0D6-4C52-BECD-5BBD2A7723EE}.Debug|Any CPU.ActiveCfg = Debug|Any CPU
		{9C2B5E3A-B0D6-4C52-BECD-5BBD2A7723EE}.Debug|Any CPU.Build.0 = Debug|Any CPU
		{9C2B5E3A-B0D6-4C52-BECD-5BBD2A7723EE}.Release|Any CPU.ActiveCfg = Release|Any CPU
		{9C2B5E3A-B0D6-4C52-BECD-5BBD2A7723EE}.Release|Any CPU.Build.0 = Release|Any CPU
		{423D5949-DB92-4517-B746-0CF96997BA9B}.Debug|Any CPU.ActiveCfg = Debug|Any CPU
		{423D5949-DB92-4517-B746-0CF96997BA9B}.Debug|Any CPU.Build.0 = Debug|Any CPU
		{423D5949-DB92-4517-B746-0CF96997BA9B}.Release|Any CPU.ActiveCfg = Release|Any CPU
		{423D5949-DB92-4517-B746-0CF96997BA9B}.Release|Any CPU.Build.0 = Release|Any CPU
		{3374B051-60CF-4985-A85C-EBEE28790424}.Debug|Any CPU.ActiveCfg = Debug|Any CPU
		{3374B051-60CF-4985-A85C-EBEE28790424}.Debug|Any CPU.Build.0 = Debug|Any CPU
		{3374B051-60CF-4985-A85C-EBEE28790424}.Release|Any CPU.ActiveCfg = Release|Any CPU
		{3374B051-60CF-4985-A85C-EBEE28790424}.Release|Any CPU.Build.0 = Release|Any CPU
		{C38DBBA9-FD97-4017-B04D-BB26E3B2FA49}.Debug|Any CPU.ActiveCfg = Debug|Any CPU
		{C38DBBA9-FD97-4017-B04D-BB26E3B2FA49}.Debug|Any CPU.Build.0 = Debug|Any CPU
		{C38DBBA9-FD97-4017-B04D-BB26E3B2FA49}.Release|Any CPU.ActiveCfg = Release|Any CPU
		{C38DBBA9-FD97-4017-B04D-BB26E3B2FA49}.Release|Any CPU.Build.0 = Release|Any CPU
		{0668B5A5-BB23-48A2-B831-6ADAF4482540}.Debug|Any CPU.ActiveCfg = Debug|Any CPU
		{0668B5A5-BB23-48A2-B831-6ADAF4482540}.Debug|Any CPU.Build.0 = Debug|Any CPU
		{0668B5A5-BB23-48A2-B831-6ADAF4482540}.Release|Any CPU.ActiveCfg = Release|Any CPU
		{0668B5A5-BB23-48A2-B831-6ADAF4482540}.Release|Any CPU.Build.0 = Release|Any CPU
		{F69CA37E-D734-4E00-9BE6-F2FC56B53B49}.Debug|Any CPU.ActiveCfg = Debug|Any CPU
		{F69CA37E-D734-4E00-9BE6-F2FC56B53B49}.Debug|Any CPU.Build.0 = Debug|Any CPU
		{F69CA37E-D734-4E00-9BE6-F2FC56B53B49}.Release|Any CPU.ActiveCfg = Release|Any CPU
		{F69CA37E-D734-4E00-9BE6-F2FC56B53B49}.Release|Any CPU.Build.0 = Release|Any CPU
		{887CC2E6-8627-49CE-8AC3-8CEB6D5FB80A}.Debug|Any CPU.ActiveCfg = Debug|Any CPU
		{887CC2E6-8627-49CE-8AC3-8CEB6D5FB80A}.Debug|Any CPU.Build.0 = Debug|Any CPU
		{887CC2E6-8627-49CE-8AC3-8CEB6D5FB80A}.Release|Any CPU.ActiveCfg = Release|Any CPU
		{887CC2E6-8627-49CE-8AC3-8CEB6D5FB80A}.Release|Any CPU.Build.0 = Release|Any CPU
		{1563CBC7-38F1-461E-B618-805DCFD5AC9F}.Debug|Any CPU.ActiveCfg = Debug|Any CPU
		{1563CBC7-38F1-461E-B618-805DCFD5AC9F}.Debug|Any CPU.Build.0 = Debug|Any CPU
		{1563CBC7-38F1-461E-B618-805DCFD5AC9F}.Release|Any CPU.ActiveCfg = Release|Any CPU
		{1563CBC7-38F1-461E-B618-805DCFD5AC9F}.Release|Any CPU.Build.0 = Release|Any CPU
		{785A1B06-9647-41AB-973A-2083E0F3B5C4}.Debug|Any CPU.ActiveCfg = Debug|Any CPU
		{785A1B06-9647-41AB-973A-2083E0F3B5C4}.Debug|Any CPU.Build.0 = Debug|Any CPU
		{785A1B06-9647-41AB-973A-2083E0F3B5C4}.Release|Any CPU.ActiveCfg = Release|Any CPU
		{785A1B06-9647-41AB-973A-2083E0F3B5C4}.Release|Any CPU.Build.0 = Release|Any CPU
		{5AE83F61-BA34-4CEC-8164-DA25975C1887}.Debug|Any CPU.ActiveCfg = Debug|Any CPU
		{5AE83F61-BA34-4CEC-8164-DA25975C1887}.Debug|Any CPU.Build.0 = Debug|Any CPU
		{5AE83F61-BA34-4CEC-8164-DA25975C1887}.Release|Any CPU.ActiveCfg = Release|Any CPU
		{5AE83F61-BA34-4CEC-8164-DA25975C1887}.Release|Any CPU.Build.0 = Release|Any CPU
		{94151CC5-230B-4BCB-AB12-0E005AD765D1}.Debug|Any CPU.ActiveCfg = Debug|Any CPU
		{94151CC5-230B-4BCB-AB12-0E005AD765D1}.Debug|Any CPU.Build.0 = Debug|Any CPU
		{94151CC5-230B-4BCB-AB12-0E005AD765D1}.Release|Any CPU.ActiveCfg = Release|Any CPU
		{94151CC5-230B-4BCB-AB12-0E005AD765D1}.Release|Any CPU.Build.0 = Release|Any CPU
		{57D709E5-B9F3-4F6D-AA20-F4B06D7A1FDC}.Debug|Any CPU.ActiveCfg = Debug|Any CPU
		{57D709E5-B9F3-4F6D-AA20-F4B06D7A1FDC}.Debug|Any CPU.Build.0 = Debug|Any CPU
		{57D709E5-B9F3-4F6D-AA20-F4B06D7A1FDC}.Release|Any CPU.ActiveCfg = Release|Any CPU
		{57D709E5-B9F3-4F6D-AA20-F4B06D7A1FDC}.Release|Any CPU.Build.0 = Release|Any CPU
		{708E4341-956F-4962-8EAB-C50CC367D66C}.Debug|Any CPU.ActiveCfg = Debug|Any CPU
		{708E4341-956F-4962-8EAB-C50CC367D66C}.Debug|Any CPU.Build.0 = Debug|Any CPU
		{708E4341-956F-4962-8EAB-C50CC367D66C}.Release|Any CPU.ActiveCfg = Release|Any CPU
		{708E4341-956F-4962-8EAB-C50CC367D66C}.Release|Any CPU.Build.0 = Release|Any CPU
		{7E62A379-41AB-4AFE-867D-840A5A7AEEDA}.Debug|Any CPU.ActiveCfg = Debug|Any CPU
		{7E62A379-41AB-4AFE-867D-840A5A7AEEDA}.Debug|Any CPU.Build.0 = Debug|Any CPU
		{7E62A379-41AB-4AFE-867D-840A5A7AEEDA}.Release|Any CPU.ActiveCfg = Release|Any CPU
		{7E62A379-41AB-4AFE-867D-840A5A7AEEDA}.Release|Any CPU.Build.0 = Release|Any CPU
		{208EA143-EEDA-4DAE-9BB2-DBE46678EF2E}.Debug|Any CPU.ActiveCfg = Debug|Any CPU
		{208EA143-EEDA-4DAE-9BB2-DBE46678EF2E}.Debug|Any CPU.Build.0 = Debug|Any CPU
		{208EA143-EEDA-4DAE-9BB2-DBE46678EF2E}.Release|Any CPU.ActiveCfg = Release|Any CPU
		{208EA143-EEDA-4DAE-9BB2-DBE46678EF2E}.Release|Any CPU.Build.0 = Release|Any CPU
		{EAF2E5D2-46B6-4EB1-84DA-5872C3EF4D06}.Debug|Any CPU.ActiveCfg = Debug|Any CPU
		{EAF2E5D2-46B6-4EB1-84DA-5872C3EF4D06}.Debug|Any CPU.Build.0 = Debug|Any CPU
		{EAF2E5D2-46B6-4EB1-84DA-5872C3EF4D06}.Release|Any CPU.ActiveCfg = Release|Any CPU
		{EAF2E5D2-46B6-4EB1-84DA-5872C3EF4D06}.Release|Any CPU.Build.0 = Release|Any CPU
		{C1560914-FB01-45E5-952D-68F6F8D3AAA2}.Debug|Any CPU.ActiveCfg = Debug|Any CPU
		{C1560914-FB01-45E5-952D-68F6F8D3AAA2}.Debug|Any CPU.Build.0 = Debug|Any CPU
		{C1560914-FB01-45E5-952D-68F6F8D3AAA2}.Release|Any CPU.ActiveCfg = Release|Any CPU
		{C1560914-FB01-45E5-952D-68F6F8D3AAA2}.Release|Any CPU.Build.0 = Release|Any CPU
		{6A8A3096-75D5-46E7-AE7A-9FBAF3924AC0}.Debug|Any CPU.ActiveCfg = Debug|Any CPU
		{6A8A3096-75D5-46E7-AE7A-9FBAF3924AC0}.Debug|Any CPU.Build.0 = Debug|Any CPU
		{6A8A3096-75D5-46E7-AE7A-9FBAF3924AC0}.Release|Any CPU.ActiveCfg = Release|Any CPU
		{6A8A3096-75D5-46E7-AE7A-9FBAF3924AC0}.Release|Any CPU.Build.0 = Release|Any CPU
		{A905742A-7BE6-44D0-B31F-F1EACA9FC2F1}.Debug|Any CPU.ActiveCfg = Debug|Any CPU
		{A905742A-7BE6-44D0-B31F-F1EACA9FC2F1}.Debug|Any CPU.Build.0 = Debug|Any CPU
		{A905742A-7BE6-44D0-B31F-F1EACA9FC2F1}.Release|Any CPU.ActiveCfg = Release|Any CPU
		{A905742A-7BE6-44D0-B31F-F1EACA9FC2F1}.Release|Any CPU.Build.0 = Release|Any CPU
		{2CC94C75-A608-45A2-9412-5F512F10A218}.Debug|Any CPU.ActiveCfg = Debug|Any CPU
		{2CC94C75-A608-45A2-9412-5F512F10A218}.Debug|Any CPU.Build.0 = Debug|Any CPU
		{2CC94C75-A608-45A2-9412-5F512F10A218}.Release|Any CPU.ActiveCfg = Release|Any CPU
		{2CC94C75-A608-45A2-9412-5F512F10A218}.Release|Any CPU.Build.0 = Release|Any CPU
		{0DF8FE68-4953-4AA2-9CBC-229DF23348F9}.Debug|Any CPU.ActiveCfg = Debug|Any CPU
		{0DF8FE68-4953-4AA2-9CBC-229DF23348F9}.Debug|Any CPU.Build.0 = Debug|Any CPU
		{0DF8FE68-4953-4AA2-9CBC-229DF23348F9}.Release|Any CPU.ActiveCfg = Release|Any CPU
		{0DF8FE68-4953-4AA2-9CBC-229DF23348F9}.Release|Any CPU.Build.0 = Release|Any CPU
		{77E3DCE5-60CF-4C97-A220-E107E9496270}.Debug|Any CPU.ActiveCfg = Debug|Any CPU
		{77E3DCE5-60CF-4C97-A220-E107E9496270}.Debug|Any CPU.Build.0 = Debug|Any CPU
		{77E3DCE5-60CF-4C97-A220-E107E9496270}.Release|Any CPU.ActiveCfg = Release|Any CPU
		{77E3DCE5-60CF-4C97-A220-E107E9496270}.Release|Any CPU.Build.0 = Release|Any CPU
		{31CDFF4C-B574-4758-B863-2675E95D0A4D}.Debug|Any CPU.ActiveCfg = Debug|Any CPU
		{31CDFF4C-B574-4758-B863-2675E95D0A4D}.Debug|Any CPU.Build.0 = Debug|Any CPU
		{31CDFF4C-B574-4758-B863-2675E95D0A4D}.Release|Any CPU.ActiveCfg = Release|Any CPU
		{31CDFF4C-B574-4758-B863-2675E95D0A4D}.Release|Any CPU.Build.0 = Release|Any CPU
		{DE89E080-0004-45E0-AFCF-3AF908218EB4}.Debug|Any CPU.ActiveCfg = Debug|Any CPU
		{DE89E080-0004-45E0-AFCF-3AF908218EB4}.Debug|Any CPU.Build.0 = Debug|Any CPU
		{DE89E080-0004-45E0-AFCF-3AF908218EB4}.Release|Any CPU.ActiveCfg = Release|Any CPU
		{DE89E080-0004-45E0-AFCF-3AF908218EB4}.Release|Any CPU.Build.0 = Release|Any CPU
		{EF8302EF-355D-4C12-8401-BB81AA9373C3}.Debug|Any CPU.ActiveCfg = Debug|Any CPU
		{EF8302EF-355D-4C12-8401-BB81AA9373C3}.Debug|Any CPU.Build.0 = Debug|Any CPU
		{EF8302EF-355D-4C12-8401-BB81AA9373C3}.Release|Any CPU.ActiveCfg = Release|Any CPU
		{EF8302EF-355D-4C12-8401-BB81AA9373C3}.Release|Any CPU.Build.0 = Release|Any CPU
		{CDF8EF04-C321-4052-87ED-563540099774}.Debug|Any CPU.ActiveCfg = Debug|Any CPU
		{CDF8EF04-C321-4052-87ED-563540099774}.Debug|Any CPU.Build.0 = Debug|Any CPU
		{CDF8EF04-C321-4052-87ED-563540099774}.Release|Any CPU.ActiveCfg = Release|Any CPU
		{CDF8EF04-C321-4052-87ED-563540099774}.Release|Any CPU.Build.0 = Release|Any CPU
		{ACD99BF1-C922-4B14-953A-E453B2B7EA63}.Debug|Any CPU.ActiveCfg = Debug|Any CPU
		{ACD99BF1-C922-4B14-953A-E453B2B7EA63}.Debug|Any CPU.Build.0 = Debug|Any CPU
		{ACD99BF1-C922-4B14-953A-E453B2B7EA63}.Release|Any CPU.ActiveCfg = Release|Any CPU
		{ACD99BF1-C922-4B14-953A-E453B2B7EA63}.Release|Any CPU.Build.0 = Release|Any CPU
		{8E9E1E1F-A80E-428B-BA08-BC1B56AC26D5}.Debug|Any CPU.ActiveCfg = Debug|Any CPU
		{8E9E1E1F-A80E-428B-BA08-BC1B56AC26D5}.Debug|Any CPU.Build.0 = Debug|Any CPU
		{8E9E1E1F-A80E-428B-BA08-BC1B56AC26D5}.Release|Any CPU.ActiveCfg = Release|Any CPU
		{8E9E1E1F-A80E-428B-BA08-BC1B56AC26D5}.Release|Any CPU.Build.0 = Release|Any CPU
		{35C2B54B-512D-4710-A7A5-2037DA6E9852}.Debug|Any CPU.ActiveCfg = Debug|Any CPU
		{35C2B54B-512D-4710-A7A5-2037DA6E9852}.Debug|Any CPU.Build.0 = Debug|Any CPU
		{35C2B54B-512D-4710-A7A5-2037DA6E9852}.Release|Any CPU.ActiveCfg = Release|Any CPU
		{35C2B54B-512D-4710-A7A5-2037DA6E9852}.Release|Any CPU.Build.0 = Release|Any CPU
		{99BD2EC4-F961-4EB1-A6DB-B2C160C68EC8}.Debug|Any CPU.ActiveCfg = Debug|Any CPU
		{99BD2EC4-F961-4EB1-A6DB-B2C160C68EC8}.Debug|Any CPU.Build.0 = Debug|Any CPU
		{99BD2EC4-F961-4EB1-A6DB-B2C160C68EC8}.Release|Any CPU.ActiveCfg = Release|Any CPU
		{99BD2EC4-F961-4EB1-A6DB-B2C160C68EC8}.Release|Any CPU.Build.0 = Release|Any CPU
		{D3233D9F-43EA-4544-B0C5-4B902E86D432}.Debug|Any CPU.ActiveCfg = Debug|Any CPU
		{D3233D9F-43EA-4544-B0C5-4B902E86D432}.Debug|Any CPU.Build.0 = Debug|Any CPU
		{D3233D9F-43EA-4544-B0C5-4B902E86D432}.Release|Any CPU.ActiveCfg = Release|Any CPU
		{D3233D9F-43EA-4544-B0C5-4B902E86D432}.Release|Any CPU.Build.0 = Release|Any CPU
		{4E6E62F4-A417-4D31-9CED-0BA9E9500574}.Debug|Any CPU.ActiveCfg = Debug|Any CPU
		{4E6E62F4-A417-4D31-9CED-0BA9E9500574}.Debug|Any CPU.Build.0 = Debug|Any CPU
		{4E6E62F4-A417-4D31-9CED-0BA9E9500574}.Release|Any CPU.ActiveCfg = Release|Any CPU
		{4E6E62F4-A417-4D31-9CED-0BA9E9500574}.Release|Any CPU.Build.0 = Release|Any CPU
		{BB6568D8-BD7B-425F-8C48-50226353355E}.Debug|Any CPU.ActiveCfg = Debug|Any CPU
		{BB6568D8-BD7B-425F-8C48-50226353355E}.Debug|Any CPU.Build.0 = Debug|Any CPU
		{BB6568D8-BD7B-425F-8C48-50226353355E}.Release|Any CPU.ActiveCfg = Release|Any CPU
		{BB6568D8-BD7B-425F-8C48-50226353355E}.Release|Any CPU.Build.0 = Release|Any CPU
		{E043A4AE-1049-4E45-9212-81CE20710ACB}.Debug|Any CPU.ActiveCfg = Debug|Any CPU
		{E043A4AE-1049-4E45-9212-81CE20710ACB}.Debug|Any CPU.Build.0 = Debug|Any CPU
		{E043A4AE-1049-4E45-9212-81CE20710ACB}.Release|Any CPU.ActiveCfg = Release|Any CPU
		{E043A4AE-1049-4E45-9212-81CE20710ACB}.Release|Any CPU.Build.0 = Release|Any CPU
		{BC5D505C-9BFB-45DA-8886-BBF436F38F74}.Debug|Any CPU.ActiveCfg = Debug|Any CPU
		{BC5D505C-9BFB-45DA-8886-BBF436F38F74}.Debug|Any CPU.Build.0 = Debug|Any CPU
		{BC5D505C-9BFB-45DA-8886-BBF436F38F74}.Release|Any CPU.ActiveCfg = Release|Any CPU
		{BC5D505C-9BFB-45DA-8886-BBF436F38F74}.Release|Any CPU.Build.0 = Release|Any CPU
		{F33284EE-FFAE-4485-9484-4EC87A80584A}.Debug|Any CPU.ActiveCfg = Debug|Any CPU
		{F33284EE-FFAE-4485-9484-4EC87A80584A}.Debug|Any CPU.Build.0 = Debug|Any CPU
		{F33284EE-FFAE-4485-9484-4EC87A80584A}.Release|Any CPU.ActiveCfg = Release|Any CPU
		{F33284EE-FFAE-4485-9484-4EC87A80584A}.Release|Any CPU.Build.0 = Release|Any CPU
		{4D362B5F-3C08-40E4-AA63-5398F79F6AEF}.Debug|Any CPU.ActiveCfg = Debug|Any CPU
		{4D362B5F-3C08-40E4-AA63-5398F79F6AEF}.Debug|Any CPU.Build.0 = Debug|Any CPU
		{4D362B5F-3C08-40E4-AA63-5398F79F6AEF}.Release|Any CPU.ActiveCfg = Release|Any CPU
		{4D362B5F-3C08-40E4-AA63-5398F79F6AEF}.Release|Any CPU.Build.0 = Release|Any CPU
		{C207D970-F2E7-4E47-A385-3366D68D7F80}.Debug|Any CPU.ActiveCfg = Debug|Any CPU
		{C207D970-F2E7-4E47-A385-3366D68D7F80}.Debug|Any CPU.Build.0 = Debug|Any CPU
		{C207D970-F2E7-4E47-A385-3366D68D7F80}.Release|Any CPU.ActiveCfg = Release|Any CPU
		{C207D970-F2E7-4E47-A385-3366D68D7F80}.Release|Any CPU.Build.0 = Release|Any CPU
		{CAFC0EA1-9247-4DCA-8DE1-908F11BCFB04}.Debug|Any CPU.ActiveCfg = Debug|Any CPU
		{CAFC0EA1-9247-4DCA-8DE1-908F11BCFB04}.Debug|Any CPU.Build.0 = Debug|Any CPU
		{CAFC0EA1-9247-4DCA-8DE1-908F11BCFB04}.Release|Any CPU.ActiveCfg = Release|Any CPU
		{CAFC0EA1-9247-4DCA-8DE1-908F11BCFB04}.Release|Any CPU.Build.0 = Release|Any CPU
		{6DFE9DAA-761B-4FE5-83F5-27B3B251027C}.Debug|Any CPU.ActiveCfg = Debug|Any CPU
		{6DFE9DAA-761B-4FE5-83F5-27B3B251027C}.Debug|Any CPU.Build.0 = Debug|Any CPU
		{6DFE9DAA-761B-4FE5-83F5-27B3B251027C}.Release|Any CPU.ActiveCfg = Release|Any CPU
		{6DFE9DAA-761B-4FE5-83F5-27B3B251027C}.Release|Any CPU.Build.0 = Release|Any CPU
		{4D766D8C-4004-41E3-A4B1-BD659EA56C42}.Debug|Any CPU.ActiveCfg = Debug|Any CPU
		{4D766D8C-4004-41E3-A4B1-BD659EA56C42}.Debug|Any CPU.Build.0 = Debug|Any CPU
		{4D766D8C-4004-41E3-A4B1-BD659EA56C42}.Release|Any CPU.ActiveCfg = Release|Any CPU
		{4D766D8C-4004-41E3-A4B1-BD659EA56C42}.Release|Any CPU.Build.0 = Release|Any CPU
		{2DFABEEF-8E6B-405F-887C-322E0952010E}.Debug|Any CPU.ActiveCfg = Debug|Any CPU
		{2DFABEEF-8E6B-405F-887C-322E0952010E}.Debug|Any CPU.Build.0 = Debug|Any CPU
		{2DFABEEF-8E6B-405F-887C-322E0952010E}.Release|Any CPU.ActiveCfg = Release|Any CPU
		{2DFABEEF-8E6B-405F-887C-322E0952010E}.Release|Any CPU.Build.0 = Release|Any CPU
		{CC3AAA51-94E2-4003-BDC0-338A688D470F}.Debug|Any CPU.ActiveCfg = Debug|Any CPU
		{CC3AAA51-94E2-4003-BDC0-338A688D470F}.Debug|Any CPU.Build.0 = Debug|Any CPU
		{CC3AAA51-94E2-4003-BDC0-338A688D470F}.Release|Any CPU.ActiveCfg = Release|Any CPU
		{CC3AAA51-94E2-4003-BDC0-338A688D470F}.Release|Any CPU.Build.0 = Release|Any CPU
	EndGlobalSection
	GlobalSection(SolutionProperties) = preSolution
		HideSolutionNode = FALSE
	EndGlobalSection
	GlobalSection(NestedProjects) = preSolution
		{06239A3E-3565-4F22-B3B1-83FD91A7427A} = {B29D6F56-F461-4BE8-80D8-6F92897F9EAA}
		{820D3874-EE25-4710-B1F8-753E186481DB} = {06239A3E-3565-4F22-B3B1-83FD91A7427A}
		{0785BF07-F570-4362-BF9C-87B069DD06D7} = {B29D6F56-F461-4BE8-80D8-6F92897F9EAA}
		{EBF11376-41B1-45FA-A929-9A5AA65E2AD7} = {0785BF07-F570-4362-BF9C-87B069DD06D7}
		{09B6FDCE-627E-44BA-996B-FEC877ED750A} = {0785BF07-F570-4362-BF9C-87B069DD06D7}
		{8670F56C-753B-492B-A9E1-2B62F7C6DE20} = {B29D6F56-F461-4BE8-80D8-6F92897F9EAA}
		{1C2F83D0-23F1-444C-B480-F91683885033} = {8670F56C-753B-492B-A9E1-2B62F7C6DE20}
		{A18DA7E9-6A4B-4A51-BF4F-1122D2D8E9D0} = {B29D6F56-F461-4BE8-80D8-6F92897F9EAA}
		{33E12B0C-25D7-4480-8172-B43C5E463943} = {A18DA7E9-6A4B-4A51-BF4F-1122D2D8E9D0}
		{128BD698-9A9D-429D-9B80-81A8F3791F8D} = {A18DA7E9-6A4B-4A51-BF4F-1122D2D8E9D0}
		{CF1D4971-6E4E-49E2-B925-A2498B50A8C2} = {A18DA7E9-6A4B-4A51-BF4F-1122D2D8E9D0}
		{F4669DEC-1AF3-4623-9587-0D5726A1ADD8} = {A18DA7E9-6A4B-4A51-BF4F-1122D2D8E9D0}
		{4F27C624-CF6E-455E-B0C5-5BF6940C4B15} = {B29D6F56-F461-4BE8-80D8-6F92897F9EAA}
		{6E6E5115-DAE8-4C59-A6A7-560A33557312} = {4F27C624-CF6E-455E-B0C5-5BF6940C4B15}
		{3DF48B03-D716-4A46-B33F-62529231F87D} = {4F27C624-CF6E-455E-B0C5-5BF6940C4B15}
		{D3EC0E73-D522-4A1C-937E-9C743966B62B} = {B29D6F56-F461-4BE8-80D8-6F92897F9EAA}
		{7B6B93AF-807F-44E6-84B2-8B0AC5455F9A} = {D3EC0E73-D522-4A1C-937E-9C743966B62B}
		{48654D39-F403-4F9F-B56D-97112E6D07CB} = {D3EC0E73-D522-4A1C-937E-9C743966B62B}
		{46148032-0437-44BA-B29A-6AAA473D41A0} = {D3EC0E73-D522-4A1C-937E-9C743966B62B}
		{E47E6E2E-1D2F-4FE0-8B97-4BF397015454} = {B29D6F56-F461-4BE8-80D8-6F92897F9EAA}
		{FFD063DC-DC70-4410-9CD2-F21BD50C2B37} = {B29D6F56-F461-4BE8-80D8-6F92897F9EAA}
		{111D0825-E18F-47E2-A3B9-CB4116B89273} = {FFD063DC-DC70-4410-9CD2-F21BD50C2B37}
		{E6FE7D11-D875-4BA0-93A1-9676B90EBABC} = {B29D6F56-F461-4BE8-80D8-6F92897F9EAA}
		{3D28514C-A51F-40F4-9370-9610BAEFF451} = {B29D6F56-F461-4BE8-80D8-6F92897F9EAA}
		{DC00D364-DA96-4BF4-95BC-17CD90BAD1DA} = {001D6284-AEF9-4902-9985-58CC694EFE61}
		{FC9E1A79-5FC2-40B1-81FC-2631BA40C508} = {001D6284-AEF9-4902-9985-58CC694EFE61}
		{CF6B792E-A5BF-4A61-9231-A16F5D306068} = {001D6284-AEF9-4902-9985-58CC694EFE61}
		{7C30A3DA-115F-4578-AB35-A43870CEF780} = {001D6284-AEF9-4902-9985-58CC694EFE61}
		{E7323F0E-BA04-4BFD-AE58-B73806CCD47F} = {001D6284-AEF9-4902-9985-58CC694EFE61}
		{F27B0846-EA5C-4C40-A180-488540AEE910} = {06239A3E-3565-4F22-B3B1-83FD91A7427A}
		{1F59B10F-3F11-4394-9CCD-066D4B30139C} = {9B8356C1-A6F0-4AA1-8F50-3C5A595B5ABE}
		{8885B555-2C55-4DEB-BA2A-D70D11EC001D} = {D3EC0E73-D522-4A1C-937E-9C743966B62B}
		{AF3CAC1C-3C1A-4384-BF4A-04382AA8A47B} = {B29D6F56-F461-4BE8-80D8-6F92897F9EAA}
		{908FD171-7538-431E-936E-5152BF6488BB} = {AF3CAC1C-3C1A-4384-BF4A-04382AA8A47B}
		{EA07ECF7-F40D-4948-9E5B-F3CA8650186B} = {AF3CAC1C-3C1A-4384-BF4A-04382AA8A47B}
		{D3C3B635-9294-4467-B4F3-7ADD21F05D9D} = {0785BF07-F570-4362-BF9C-87B069DD06D7}
		{FCB1496B-2EFE-4846-81D7-B640AB47D120} = {B29D6F56-F461-4BE8-80D8-6F92897F9EAA}
		{8AD78734-6487-49E2-8062-2F1901C4A60B} = {FCB1496B-2EFE-4846-81D7-B640AB47D120}
		{C416C61C-B5EF-4937-83A9-624330E64729} = {FCB1496B-2EFE-4846-81D7-B640AB47D120}
		{B526D55A-26B1-4914-B39C-06A89C996663} = {4F27C624-CF6E-455E-B0C5-5BF6940C4B15}
		{AF26AF16-ED66-489D-812D-D0B517FB8351} = {FCB1496B-2EFE-4846-81D7-B640AB47D120}
		{01DC4D83-94FC-406A-8BE4-4234B2D03D17} = {06239A3E-3565-4F22-B3B1-83FD91A7427A}
		{E510228A-9F54-48B6-ABD7-024F38426CD7} = {9B8356C1-A6F0-4AA1-8F50-3C5A595B5ABE}
		{BE5AFC43-C07B-44DF-8238-F92611FFB7FC} = {32D31FE2-B682-4C42-B238-0DCA002DB0ED}
		{F5AAF6D1-2E3F-462C-8400-0D99343D4F2A} = {D3EC0E73-D522-4A1C-937E-9C743966B62B}
		{12BA2947-C5EB-4008-9FFB-73059FD3B035} = {E6FE7D11-D875-4BA0-93A1-9676B90EBABC}
		{0F172FD6-CBC6-4B30-9FBB-D927EAB877CC} = {0785BF07-F570-4362-BF9C-87B069DD06D7}
		{5FEBCB9B-BFFA-4FE8-84AE-97E70B2F4583} = {E47E6E2E-1D2F-4FE0-8B97-4BF397015454}
		{79A25012-0A96-46AC-B72E-431A904EE427} = {E47E6E2E-1D2F-4FE0-8B97-4BF397015454}
		{98F72928-C528-431B-956C-C61DF3EE9774} = {E47E6E2E-1D2F-4FE0-8B97-4BF397015454}
		{A72E5FFA-B2F7-4096-BB92-4FD64079C633} = {001D6284-AEF9-4902-9985-58CC694EFE61}
		{4FDA08BC-2E2F-4154-B8F6-7C9C98737935} = {001D6284-AEF9-4902-9985-58CC694EFE61}
		{9C2B5E3A-B0D6-4C52-BECD-5BBD2A7723EE} = {001D6284-AEF9-4902-9985-58CC694EFE61}
		{423D5949-DB92-4517-B746-0CF96997BA9B} = {EAA4E6BD-4F68-4FFD-B41C-57D4ABD81A5C}
		{3374B051-60CF-4985-A85C-EBEE28790424} = {D3EC0E73-D522-4A1C-937E-9C743966B62B}
		{C38DBBA9-FD97-4017-B04D-BB26E3B2FA49} = {EAA4E6BD-4F68-4FFD-B41C-57D4ABD81A5C}
		{0668B5A5-BB23-48A2-B831-6ADAF4482540} = {2EE70AFD-E3E7-49A0-9A36-5C36844C0EA0}
		{F69CA37E-D734-4E00-9BE6-F2FC56B53B49} = {2EE70AFD-E3E7-49A0-9A36-5C36844C0EA0}
		{887CC2E6-8627-49CE-8AC3-8CEB6D5FB80A} = {2EE70AFD-E3E7-49A0-9A36-5C36844C0EA0}
		{1563CBC7-38F1-461E-B618-805DCFD5AC9F} = {2EE70AFD-E3E7-49A0-9A36-5C36844C0EA0}
		{785A1B06-9647-41AB-973A-2083E0F3B5C4} = {2EE70AFD-E3E7-49A0-9A36-5C36844C0EA0}
		{5AE83F61-BA34-4CEC-8164-DA25975C1887} = {2EE70AFD-E3E7-49A0-9A36-5C36844C0EA0}
		{94151CC5-230B-4BCB-AB12-0E005AD765D1} = {2EE70AFD-E3E7-49A0-9A36-5C36844C0EA0}
		{57D709E5-B9F3-4F6D-AA20-F4B06D7A1FDC} = {2EE70AFD-E3E7-49A0-9A36-5C36844C0EA0}
		{708E4341-956F-4962-8EAB-C50CC367D66C} = {2EE70AFD-E3E7-49A0-9A36-5C36844C0EA0}
		{7E62A379-41AB-4AFE-867D-840A5A7AEEDA} = {46613280-061A-4018-BE84-BB789E5C4525}
		{208EA143-EEDA-4DAE-9BB2-DBE46678EF2E} = {46613280-061A-4018-BE84-BB789E5C4525}
		{EAF2E5D2-46B6-4EB1-84DA-5872C3EF4D06} = {1B7B3E01-E070-44FD-9E87-9B6072018B09}
		{C1560914-FB01-45E5-952D-68F6F8D3AAA2} = {1B7B3E01-E070-44FD-9E87-9B6072018B09}
		{6A8A3096-75D5-46E7-AE7A-9FBAF3924AC0} = {0F4BF799-97BA-4E83-B809-6F5702884F6D}
		{A905742A-7BE6-44D0-B31F-F1EACA9FC2F1} = {732F396A-51BB-40FD-A22D-94BF3548D8C6}
		{2CC94C75-A608-45A2-9412-5F512F10A218} = {732F396A-51BB-40FD-A22D-94BF3548D8C6}
		{0DF8FE68-4953-4AA2-9CBC-229DF23348F9} = {732F396A-51BB-40FD-A22D-94BF3548D8C6}
		{77E3DCE5-60CF-4C97-A220-E107E9496270} = {732F396A-51BB-40FD-A22D-94BF3548D8C6}
		{31CDFF4C-B574-4758-B863-2675E95D0A4D} = {4E185930-BD2A-4783-A076-20242950F439}
		{DE89E080-0004-45E0-AFCF-3AF908218EB4} = {4E185930-BD2A-4783-A076-20242950F439}
		{EF8302EF-355D-4C12-8401-BB81AA9373C3} = {4E185930-BD2A-4783-A076-20242950F439}
		{CDF8EF04-C321-4052-87ED-563540099774} = {4E185930-BD2A-4783-A076-20242950F439}
		{ACD99BF1-C922-4B14-953A-E453B2B7EA63} = {4E185930-BD2A-4783-A076-20242950F439}
		{8E9E1E1F-A80E-428B-BA08-BC1B56AC26D5} = {4E185930-BD2A-4783-A076-20242950F439}
		{35C2B54B-512D-4710-A7A5-2037DA6E9852} = {4E185930-BD2A-4783-A076-20242950F439}
		{99BD2EC4-F961-4EB1-A6DB-B2C160C68EC8} = {4E185930-BD2A-4783-A076-20242950F439}
		{D3233D9F-43EA-4544-B0C5-4B902E86D432} = {4E185930-BD2A-4783-A076-20242950F439}
		{4E6E62F4-A417-4D31-9CED-0BA9E9500574} = {4E185930-BD2A-4783-A076-20242950F439}
		{BB6568D8-BD7B-425F-8C48-50226353355E} = {2EE70AFD-E3E7-49A0-9A36-5C36844C0EA0}
		{E043A4AE-1049-4E45-9212-81CE20710ACB} = {2EE70AFD-E3E7-49A0-9A36-5C36844C0EA0}
		{BC5D505C-9BFB-45DA-8886-BBF436F38F74} = {2EE70AFD-E3E7-49A0-9A36-5C36844C0EA0}
		{F33284EE-FFAE-4485-9484-4EC87A80584A} = {3D28514C-A51F-40F4-9370-9610BAEFF451}
		{4D362B5F-3C08-40E4-AA63-5398F79F6AEF} = {3D28514C-A51F-40F4-9370-9610BAEFF451}
		{C207D970-F2E7-4E47-A385-3366D68D7F80} = {3D28514C-A51F-40F4-9370-9610BAEFF451}
		{CAFC0EA1-9247-4DCA-8DE1-908F11BCFB04} = {3D28514C-A51F-40F4-9370-9610BAEFF451}
		{6DFE9DAA-761B-4FE5-83F5-27B3B251027C} = {2EE70AFD-E3E7-49A0-9A36-5C36844C0EA0}
		{7DC8E27D-3756-441C-AA86-B8C93537A2A8} = {B29D6F56-F461-4BE8-80D8-6F92897F9EAA}
		{4D766D8C-4004-41E3-A4B1-BD659EA56C42} = {7DC8E27D-3756-441C-AA86-B8C93537A2A8}
		{2DFABEEF-8E6B-405F-887C-322E0952010E} = {7DC8E27D-3756-441C-AA86-B8C93537A2A8}
		{CC3AAA51-94E2-4003-BDC0-338A688D470F} = {32D31FE2-B682-4C42-B238-0DCA002DB0ED}
	EndGlobalSection
	GlobalSection(ExtensibilityGlobals) = postSolution
		SolutionGuid = {5FD68A04-D16D-49EC-9D04-25E6B952DA89}
	EndGlobalSection
EndGlobal
